// !$*UTF8*$!
{
	archiveVersion = 1;
	classes = {
	};
	objectVersion = 46;
	objects = {

/* Begin PBXBuildFile section */
		040136751AF94FB200C92AFC /* main.m in Sources */ = {isa = PBXBuildFile; fileRef = 040136741AF94FB200C92AFC /* main.m */; };
		040136781AF94FB200C92AFC /* AppDelegate.m in Sources */ = {isa = PBXBuildFile; fileRef = 040136771AF94FB200C92AFC /* AppDelegate.m */; };
		0401367B1AF94FB200C92AFC /* GPKGSTestViewController.m in Sources */ = {isa = PBXBuildFile; fileRef = 0401367A1AF94FB200C92AFC /* GPKGSTestViewController.m */; };
		040136811AF94FB200C92AFC /* Main.storyboard in Resources */ = {isa = PBXBuildFile; fileRef = 0401367F1AF94FB200C92AFC /* Main.storyboard */; };
		040136831AF94FB200C92AFC /* Images.xcassets in Resources */ = {isa = PBXBuildFile; fileRef = 040136821AF94FB200C92AFC /* Images.xcassets */; };
		040136861AF94FB200C92AFC /* LaunchScreen.xib in Resources */ = {isa = PBXBuildFile; fileRef = 040136841AF94FB200C92AFC /* LaunchScreen.xib */; };
		040136921AF94FB200C92AFC /* geopackage_sample_iosTests.m in Sources */ = {isa = PBXBuildFile; fileRef = 040136911AF94FB200C92AFC /* geopackage_sample_iosTests.m */; };
		04082B531B4EBE6F00D65E6B /* GPKGSDownloadFileViewController.m in Sources */ = {isa = PBXBuildFile; fileRef = 04082B521B4EBE6F00D65E6B /* GPKGSDownloadFileViewController.m */; };
		04082B561B4F18A000D65E6B /* GPKGSUtils.m in Sources */ = {isa = PBXBuildFile; fileRef = 04082B551B4F18A000D65E6B /* GPKGSUtils.m */; };
		044647FC1B4AD1C00052913B /* GPKGSManagerViewController.m in Sources */ = {isa = PBXBuildFile; fileRef = 044647FB1B4AD1C00052913B /* GPKGSManagerViewController.m */; };
		044647FF1B4AF3870052913B /* GPKGSTable.m in Sources */ = {isa = PBXBuildFile; fileRef = 044647FE1B4AF3870052913B /* GPKGSTable.m */; };
		044648021B4AF4250052913B /* GPKGSTableTypes.m in Sources */ = {isa = PBXBuildFile; fileRef = 044648011B4AF4250052913B /* GPKGSTableTypes.m */; };
		044648051B4AF6990052913B /* GPKGSFeatureTable.m in Sources */ = {isa = PBXBuildFile; fileRef = 044648041B4AF6990052913B /* GPKGSFeatureTable.m */; };
		044648081B4AF6A70052913B /* GPKGSTileTable.m in Sources */ = {isa = PBXBuildFile; fileRef = 044648071B4AF6A70052913B /* GPKGSTileTable.m */; };
		0446480B1B4AFC100052913B /* GPKGSDatabase.m in Sources */ = {isa = PBXBuildFile; fileRef = 0446480A1B4AFC100052913B /* GPKGSDatabase.m */; };
		044648111B4B1D960052913B /* GPKGSTableCell.m in Sources */ = {isa = PBXBuildFile; fileRef = 044648101B4B1D960052913B /* GPKGSTableCell.m */; };
		044648141B4B20950052913B /* GPKGSDatabaseCell.m in Sources */ = {isa = PBXBuildFile; fileRef = 044648131B4B20950052913B /* GPKGSDatabaseCell.m */; };
		0446481A1B4C24AD0052913B /* GPKGSActiveTableSwitch.m in Sources */ = {isa = PBXBuildFile; fileRef = 044648191B4C24AD0052913B /* GPKGSActiveTableSwitch.m */; };
		0446481E1B4C26DF0052913B /* GPKGSConstants.m in Sources */ = {isa = PBXBuildFile; fileRef = 0446481D1B4C26DF0052913B /* GPKGSConstants.m */; };
		045C94831B4FFE7E0005CCD0 /* GPKGSDisplayTextViewController.m in Sources */ = {isa = PBXBuildFile; fileRef = 045C94821B4FFE7E0005CCD0 /* GPKGSDisplayTextViewController.m */; };
		045C94861B50226D0005CCD0 /* GPKGSFeatureOverlayTable.m in Sources */ = {isa = PBXBuildFile; fileRef = 045C94851B50226D0005CCD0 /* GPKGSFeatureOverlayTable.m */; };
		045C94891B5026E00005CCD0 /* GPKGSDatabases.m in Sources */ = {isa = PBXBuildFile; fileRef = 045C94881B5026E00005CCD0 /* GPKGSDatabases.m */; };
		047733BE1B4C371500E523BD /* GPKGSDatabaseOptionsButton.m in Sources */ = {isa = PBXBuildFile; fileRef = 047733BD1B4C371500E523BD /* GPKGSDatabaseOptionsButton.m */; };
		047733C41B4C3D1200E523BD /* GPKGSProperties.m in Sources */ = {isa = PBXBuildFile; fileRef = 047733C31B4C3D1200E523BD /* GPKGSProperties.m */; };
		047733C61B4C3E3400E523BD /* sample.plist in Resources */ = {isa = PBXBuildFile; fileRef = 047733C51B4C3E3400E523BD /* sample.plist */; };
		047733C91B4C496600E523BD /* GPKGSTableOptionsButton.m in Sources */ = {isa = PBXBuildFile; fileRef = 047733C81B4C496600E523BD /* GPKGSTableOptionsButton.m */; };
		048C212B1AFBCC9400EBC38B /* libsqlite3.dylib in Frameworks */ = {isa = PBXBuildFile; fileRef = 048C212A1AFBCC9400EBC38B /* libsqlite3.dylib */; };
		0499E6181AFCE2B900431FCF /* gdal_sample.gpkg in Resources */ = {isa = PBXBuildFile; fileRef = 0499E6171AFCE2B900431FCF /* gdal_sample.gpkg */; };
		79B230F4F60AF2BE7816B2CB /* libPods.a in Frameworks */ = {isa = PBXBuildFile; fileRef = 02FF687C0F94F922C6DBA093 /* libPods.a */; };
/* End PBXBuildFile section */

/* Begin PBXContainerItemProxy section */
		0401368C1AF94FB200C92AFC /* PBXContainerItemProxy */ = {
			isa = PBXContainerItemProxy;
			containerPortal = 040136671AF94FB200C92AFC /* Project object */;
			proxyType = 1;
			remoteGlobalIDString = 0401366E1AF94FB200C92AFC;
			remoteInfo = "geopackage-sample-ios";
		};
/* End PBXContainerItemProxy section */

/* Begin PBXFileReference section */
		02FF687C0F94F922C6DBA093 /* libPods.a */ = {isa = PBXFileReference; explicitFileType = archive.ar; includeInIndex = 0; path = libPods.a; sourceTree = BUILT_PRODUCTS_DIR; };
		0401366F1AF94FB200C92AFC /* geopackage-sample-ios.app */ = {isa = PBXFileReference; explicitFileType = wrapper.application; includeInIndex = 0; path = "geopackage-sample-ios.app"; sourceTree = BUILT_PRODUCTS_DIR; };
		040136731AF94FB200C92AFC /* Info.plist */ = {isa = PBXFileReference; lastKnownFileType = text.plist.xml; path = Info.plist; sourceTree = "<group>"; };
		040136741AF94FB200C92AFC /* main.m */ = {isa = PBXFileReference; lastKnownFileType = sourcecode.c.objc; path = main.m; sourceTree = "<group>"; };
		040136761AF94FB200C92AFC /* AppDelegate.h */ = {isa = PBXFileReference; lastKnownFileType = sourcecode.c.h; path = AppDelegate.h; sourceTree = "<group>"; };
		040136771AF94FB200C92AFC /* AppDelegate.m */ = {isa = PBXFileReference; lastKnownFileType = sourcecode.c.objc; path = AppDelegate.m; sourceTree = "<group>"; };
		040136791AF94FB200C92AFC /* GPKGSTestViewController.h */ = {isa = PBXFileReference; lastKnownFileType = sourcecode.c.h; path = GPKGSTestViewController.h; sourceTree = "<group>"; };
		0401367A1AF94FB200C92AFC /* GPKGSTestViewController.m */ = {isa = PBXFileReference; lastKnownFileType = sourcecode.c.objc; path = GPKGSTestViewController.m; sourceTree = "<group>"; };
		040136801AF94FB200C92AFC /* Base */ = {isa = PBXFileReference; lastKnownFileType = file.storyboard; name = Base; path = Base.lproj/Main.storyboard; sourceTree = "<group>"; };
		040136821AF94FB200C92AFC /* Images.xcassets */ = {isa = PBXFileReference; lastKnownFileType = folder.assetcatalog; path = Images.xcassets; sourceTree = "<group>"; };
		040136851AF94FB200C92AFC /* Base */ = {isa = PBXFileReference; lastKnownFileType = file.xib; name = Base; path = Base.lproj/LaunchScreen.xib; sourceTree = "<group>"; };
		0401368B1AF94FB200C92AFC /* geopackage-sample-iosTests.xctest */ = {isa = PBXFileReference; explicitFileType = wrapper.cfbundle; includeInIndex = 0; path = "geopackage-sample-iosTests.xctest"; sourceTree = BUILT_PRODUCTS_DIR; };
		040136901AF94FB200C92AFC /* Info.plist */ = {isa = PBXFileReference; lastKnownFileType = text.plist.xml; path = Info.plist; sourceTree = "<group>"; };
		040136911AF94FB200C92AFC /* geopackage_sample_iosTests.m */ = {isa = PBXFileReference; lastKnownFileType = sourcecode.c.objc; path = geopackage_sample_iosTests.m; sourceTree = "<group>"; };
		04082B511B4EBE6F00D65E6B /* GPKGSDownloadFileViewController.h */ = {isa = PBXFileReference; fileEncoding = 4; lastKnownFileType = sourcecode.c.h; path = GPKGSDownloadFileViewController.h; sourceTree = "<group>"; };
		04082B521B4EBE6F00D65E6B /* GPKGSDownloadFileViewController.m */ = {isa = PBXFileReference; fileEncoding = 4; lastKnownFileType = sourcecode.c.objc; path = GPKGSDownloadFileViewController.m; sourceTree = "<group>"; };
		04082B541B4F18A000D65E6B /* GPKGSUtils.h */ = {isa = PBXFileReference; fileEncoding = 4; lastKnownFileType = sourcecode.c.h; path = GPKGSUtils.h; sourceTree = "<group>"; };
		04082B551B4F18A000D65E6B /* GPKGSUtils.m */ = {isa = PBXFileReference; fileEncoding = 4; lastKnownFileType = sourcecode.c.objc; path = GPKGSUtils.m; sourceTree = "<group>"; };
		044647FA1B4AD1C00052913B /* GPKGSManagerViewController.h */ = {isa = PBXFileReference; fileEncoding = 4; lastKnownFileType = sourcecode.c.h; path = GPKGSManagerViewController.h; sourceTree = "<group>"; };
		044647FB1B4AD1C00052913B /* GPKGSManagerViewController.m */ = {isa = PBXFileReference; fileEncoding = 4; lastKnownFileType = sourcecode.c.objc; path = GPKGSManagerViewController.m; sourceTree = "<group>"; };
		044647FD1B4AF3870052913B /* GPKGSTable.h */ = {isa = PBXFileReference; fileEncoding = 4; lastKnownFileType = sourcecode.c.h; path = GPKGSTable.h; sourceTree = "<group>"; };
		044647FE1B4AF3870052913B /* GPKGSTable.m */ = {isa = PBXFileReference; fileEncoding = 4; lastKnownFileType = sourcecode.c.objc; path = GPKGSTable.m; sourceTree = "<group>"; };
		044648001B4AF4250052913B /* GPKGSTableTypes.h */ = {isa = PBXFileReference; fileEncoding = 4; lastKnownFileType = sourcecode.c.h; path = GPKGSTableTypes.h; sourceTree = "<group>"; };
		044648011B4AF4250052913B /* GPKGSTableTypes.m */ = {isa = PBXFileReference; fileEncoding = 4; lastKnownFileType = sourcecode.c.objc; path = GPKGSTableTypes.m; sourceTree = "<group>"; };
		044648031B4AF6990052913B /* GPKGSFeatureTable.h */ = {isa = PBXFileReference; fileEncoding = 4; lastKnownFileType = sourcecode.c.h; path = GPKGSFeatureTable.h; sourceTree = "<group>"; };
		044648041B4AF6990052913B /* GPKGSFeatureTable.m */ = {isa = PBXFileReference; fileEncoding = 4; lastKnownFileType = sourcecode.c.objc; path = GPKGSFeatureTable.m; sourceTree = "<group>"; };
		044648061B4AF6A70052913B /* GPKGSTileTable.h */ = {isa = PBXFileReference; fileEncoding = 4; lastKnownFileType = sourcecode.c.h; path = GPKGSTileTable.h; sourceTree = "<group>"; };
		044648071B4AF6A70052913B /* GPKGSTileTable.m */ = {isa = PBXFileReference; fileEncoding = 4; lastKnownFileType = sourcecode.c.objc; path = GPKGSTileTable.m; sourceTree = "<group>"; };
		044648091B4AFC100052913B /* GPKGSDatabase.h */ = {isa = PBXFileReference; fileEncoding = 4; lastKnownFileType = sourcecode.c.h; path = GPKGSDatabase.h; sourceTree = "<group>"; };
		0446480A1B4AFC100052913B /* GPKGSDatabase.m */ = {isa = PBXFileReference; fileEncoding = 4; lastKnownFileType = sourcecode.c.objc; path = GPKGSDatabase.m; sourceTree = "<group>"; };
		0446480F1B4B1D960052913B /* GPKGSTableCell.h */ = {isa = PBXFileReference; fileEncoding = 4; lastKnownFileType = sourcecode.c.h; path = GPKGSTableCell.h; sourceTree = "<group>"; };
		044648101B4B1D960052913B /* GPKGSTableCell.m */ = {isa = PBXFileReference; fileEncoding = 4; lastKnownFileType = sourcecode.c.objc; path = GPKGSTableCell.m; sourceTree = "<group>"; };
		044648121B4B20950052913B /* GPKGSDatabaseCell.h */ = {isa = PBXFileReference; fileEncoding = 4; lastKnownFileType = sourcecode.c.h; path = GPKGSDatabaseCell.h; sourceTree = "<group>"; };
		044648131B4B20950052913B /* GPKGSDatabaseCell.m */ = {isa = PBXFileReference; fileEncoding = 4; lastKnownFileType = sourcecode.c.objc; path = GPKGSDatabaseCell.m; sourceTree = "<group>"; };
		044648181B4C24AD0052913B /* GPKGSActiveTableSwitch.h */ = {isa = PBXFileReference; fileEncoding = 4; lastKnownFileType = sourcecode.c.h; path = GPKGSActiveTableSwitch.h; sourceTree = "<group>"; };
		044648191B4C24AD0052913B /* GPKGSActiveTableSwitch.m */ = {isa = PBXFileReference; fileEncoding = 4; lastKnownFileType = sourcecode.c.objc; path = GPKGSActiveTableSwitch.m; sourceTree = "<group>"; };
		0446481C1B4C26DF0052913B /* GPKGSConstants.h */ = {isa = PBXFileReference; fileEncoding = 4; lastKnownFileType = sourcecode.c.h; path = GPKGSConstants.h; sourceTree = "<group>"; };
		0446481D1B4C26DF0052913B /* GPKGSConstants.m */ = {isa = PBXFileReference; fileEncoding = 4; lastKnownFileType = sourcecode.c.objc; path = GPKGSConstants.m; sourceTree = "<group>"; };
		045C94811B4FFE7E0005CCD0 /* GPKGSDisplayTextViewController.h */ = {isa = PBXFileReference; fileEncoding = 4; lastKnownFileType = sourcecode.c.h; path = GPKGSDisplayTextViewController.h; sourceTree = "<group>"; };
		045C94821B4FFE7E0005CCD0 /* GPKGSDisplayTextViewController.m */ = {isa = PBXFileReference; fileEncoding = 4; lastKnownFileType = sourcecode.c.objc; path = GPKGSDisplayTextViewController.m; sourceTree = "<group>"; };
		045C94841B50226D0005CCD0 /* GPKGSFeatureOverlayTable.h */ = {isa = PBXFileReference; fileEncoding = 4; lastKnownFileType = sourcecode.c.h; path = GPKGSFeatureOverlayTable.h; sourceTree = "<group>"; };
		045C94851B50226D0005CCD0 /* GPKGSFeatureOverlayTable.m */ = {isa = PBXFileReference; fileEncoding = 4; lastKnownFileType = sourcecode.c.objc; path = GPKGSFeatureOverlayTable.m; sourceTree = "<group>"; };
		045C94871B5026E00005CCD0 /* GPKGSDatabases.h */ = {isa = PBXFileReference; fileEncoding = 4; lastKnownFileType = sourcecode.c.h; path = GPKGSDatabases.h; sourceTree = "<group>"; };
		045C94881B5026E00005CCD0 /* GPKGSDatabases.m */ = {isa = PBXFileReference; fileEncoding = 4; lastKnownFileType = sourcecode.c.objc; path = GPKGSDatabases.m; sourceTree = "<group>"; };
		047733BC1B4C371500E523BD /* GPKGSDatabaseOptionsButton.h */ = {isa = PBXFileReference; fileEncoding = 4; lastKnownFileType = sourcecode.c.h; path = GPKGSDatabaseOptionsButton.h; sourceTree = "<group>"; };
		047733BD1B4C371500E523BD /* GPKGSDatabaseOptionsButton.m */ = {isa = PBXFileReference; fileEncoding = 4; lastKnownFileType = sourcecode.c.objc; path = GPKGSDatabaseOptionsButton.m; sourceTree = "<group>"; };
		047733C21B4C3D1200E523BD /* GPKGSProperties.h */ = {isa = PBXFileReference; fileEncoding = 4; lastKnownFileType = sourcecode.c.h; path = GPKGSProperties.h; sourceTree = "<group>"; };
		047733C31B4C3D1200E523BD /* GPKGSProperties.m */ = {isa = PBXFileReference; fileEncoding = 4; lastKnownFileType = sourcecode.c.objc; path = GPKGSProperties.m; sourceTree = "<group>"; };
		047733C51B4C3E3400E523BD /* sample.plist */ = {isa = PBXFileReference; fileEncoding = 4; lastKnownFileType = text.plist.xml; path = sample.plist; sourceTree = "<group>"; };
		047733C71B4C496600E523BD /* GPKGSTableOptionsButton.h */ = {isa = PBXFileReference; fileEncoding = 4; lastKnownFileType = sourcecode.c.h; path = GPKGSTableOptionsButton.h; sourceTree = "<group>"; };
		047733C81B4C496600E523BD /* GPKGSTableOptionsButton.m */ = {isa = PBXFileReference; fileEncoding = 4; lastKnownFileType = sourcecode.c.objc; path = GPKGSTableOptionsButton.m; sourceTree = "<group>"; };
		048C212A1AFBCC9400EBC38B /* libsqlite3.dylib */ = {isa = PBXFileReference; lastKnownFileType = "compiled.mach-o.dylib"; name = libsqlite3.dylib; path = usr/lib/libsqlite3.dylib; sourceTree = SDKROOT; };
		0499E6171AFCE2B900431FCF /* gdal_sample.gpkg */ = {isa = PBXFileReference; lastKnownFileType = file; path = gdal_sample.gpkg; sourceTree = "<group>"; };
		5EF2C0B086224981AE6EF48D /* Pods.debug.xcconfig */ = {isa = PBXFileReference; includeInIndex = 1; lastKnownFileType = text.xcconfig; name = Pods.debug.xcconfig; path = "Pods/Target Support Files/Pods/Pods.debug.xcconfig"; sourceTree = "<group>"; };
		C5C14A8A96D2279034BCA65B /* Pods.release.xcconfig */ = {isa = PBXFileReference; includeInIndex = 1; lastKnownFileType = text.xcconfig; name = Pods.release.xcconfig; path = "Pods/Target Support Files/Pods/Pods.release.xcconfig"; sourceTree = "<group>"; };
/* End PBXFileReference section */

/* Begin PBXFrameworksBuildPhase section */
		0401366C1AF94FB200C92AFC /* Frameworks */ = {
			isa = PBXFrameworksBuildPhase;
			buildActionMask = 2147483647;
			files = (
				048C212B1AFBCC9400EBC38B /* libsqlite3.dylib in Frameworks */,
				79B230F4F60AF2BE7816B2CB /* libPods.a in Frameworks */,
			);
			runOnlyForDeploymentPostprocessing = 0;
		};
		040136881AF94FB200C92AFC /* Frameworks */ = {
			isa = PBXFrameworksBuildPhase;
			buildActionMask = 2147483647;
			files = (
			);
			runOnlyForDeploymentPostprocessing = 0;
		};
/* End PBXFrameworksBuildPhase section */

/* Begin PBXGroup section */
		040136661AF94FB200C92AFC = {
			isa = PBXGroup;
			children = (
				0499E6171AFCE2B900431FCF /* gdal_sample.gpkg */,
				040136711AF94FB200C92AFC /* geopackage-sample-ios */,
				0401368E1AF94FB200C92AFC /* geopackage-sample-iosTests */,
				040136701AF94FB200C92AFC /* Products */,
				C5D6DE3118DC6CC3BD7E852D /* Pods */,
				F92DE52400ADCEC8CC3BBB88 /* Frameworks */,
			);
			sourceTree = "<group>";
		};
		040136701AF94FB200C92AFC /* Products */ = {
			isa = PBXGroup;
			children = (
				0401366F1AF94FB200C92AFC /* geopackage-sample-ios.app */,
				0401368B1AF94FB200C92AFC /* geopackage-sample-iosTests.xctest */,
			);
			name = Products;
			sourceTree = "<group>";
		};
		040136711AF94FB200C92AFC /* geopackage-sample-ios */ = {
			isa = PBXGroup;
			children = (
				0446481B1B4C26BE0052913B /* util */,
				044648171B4C21280052913B /* test */,
				044648161B4C20360052913B /* manager */,
				044648151B4C1A8D0052913B /* data */,
				040136761AF94FB200C92AFC /* AppDelegate.h */,
				040136771AF94FB200C92AFC /* AppDelegate.m */,
				0401367F1AF94FB200C92AFC /* Main.storyboard */,
				040136821AF94FB200C92AFC /* Images.xcassets */,
				040136841AF94FB200C92AFC /* LaunchScreen.xib */,
				040136721AF94FB200C92AFC /* Supporting Files */,
				047733C51B4C3E3400E523BD /* sample.plist */,
			);
			path = "geopackage-sample-ios";
			sourceTree = "<group>";
		};
		040136721AF94FB200C92AFC /* Supporting Files */ = {
			isa = PBXGroup;
			children = (
				040136731AF94FB200C92AFC /* Info.plist */,
				040136741AF94FB200C92AFC /* main.m */,
			);
			name = "Supporting Files";
			sourceTree = "<group>";
		};
		0401368E1AF94FB200C92AFC /* geopackage-sample-iosTests */ = {
			isa = PBXGroup;
			children = (
				040136911AF94FB200C92AFC /* geopackage_sample_iosTests.m */,
				0401368F1AF94FB200C92AFC /* Supporting Files */,
			);
			path = "geopackage-sample-iosTests";
			sourceTree = "<group>";
		};
		0401368F1AF94FB200C92AFC /* Supporting Files */ = {
			isa = PBXGroup;
			children = (
				040136901AF94FB200C92AFC /* Info.plist */,
			);
			name = "Supporting Files";
			sourceTree = "<group>";
		};
		044648151B4C1A8D0052913B /* data */ = {
			isa = PBXGroup;
			children = (
				044647FD1B4AF3870052913B /* GPKGSTable.h */,
				044647FE1B4AF3870052913B /* GPKGSTable.m */,
				044648001B4AF4250052913B /* GPKGSTableTypes.h */,
				044648011B4AF4250052913B /* GPKGSTableTypes.m */,
				044648031B4AF6990052913B /* GPKGSFeatureTable.h */,
				044648041B4AF6990052913B /* GPKGSFeatureTable.m */,
				044648061B4AF6A70052913B /* GPKGSTileTable.h */,
				044648071B4AF6A70052913B /* GPKGSTileTable.m */,
				044648091B4AFC100052913B /* GPKGSDatabase.h */,
				0446480A1B4AFC100052913B /* GPKGSDatabase.m */,
				045C94841B50226D0005CCD0 /* GPKGSFeatureOverlayTable.h */,
				045C94851B50226D0005CCD0 /* GPKGSFeatureOverlayTable.m */,
				045C94871B5026E00005CCD0 /* GPKGSDatabases.h */,
				045C94881B5026E00005CCD0 /* GPKGSDatabases.m */,
			);
			path = data;
			sourceTree = "<group>";
		};
		044648161B4C20360052913B /* manager */ = {
			isa = PBXGroup;
			children = (
				044647FA1B4AD1C00052913B /* GPKGSManagerViewController.h */,
				044647FB1B4AD1C00052913B /* GPKGSManagerViewController.m */,
				0446480F1B4B1D960052913B /* GPKGSTableCell.h */,
				044648101B4B1D960052913B /* GPKGSTableCell.m */,
				044648121B4B20950052913B /* GPKGSDatabaseCell.h */,
				044648131B4B20950052913B /* GPKGSDatabaseCell.m */,
				044648181B4C24AD0052913B /* GPKGSActiveTableSwitch.h */,
				044648191B4C24AD0052913B /* GPKGSActiveTableSwitch.m */,
				047733BC1B4C371500E523BD /* GPKGSDatabaseOptionsButton.h */,
				047733BD1B4C371500E523BD /* GPKGSDatabaseOptionsButton.m */,
				047733C71B4C496600E523BD /* GPKGSTableOptionsButton.h */,
				047733C81B4C496600E523BD /* GPKGSTableOptionsButton.m */,
				04082B511B4EBE6F00D65E6B /* GPKGSDownloadFileViewController.h */,
				04082B521B4EBE6F00D65E6B /* GPKGSDownloadFileViewController.m */,
				045C94811B4FFE7E0005CCD0 /* GPKGSDisplayTextViewController.h */,
				045C94821B4FFE7E0005CCD0 /* GPKGSDisplayTextViewController.m */,
			);
			path = manager;
			sourceTree = "<group>";
		};
		044648171B4C21280052913B /* test */ = {
			isa = PBXGroup;
			children = (
				040136791AF94FB200C92AFC /* GPKGSTestViewController.h */,
				0401367A1AF94FB200C92AFC /* GPKGSTestViewController.m */,
			);
			path = test;
			sourceTree = "<group>";
		};
		0446481B1B4C26BE0052913B /* util */ = {
			isa = PBXGroup;
			children = (
				0446481C1B4C26DF0052913B /* GPKGSConstants.h */,
				0446481D1B4C26DF0052913B /* GPKGSConstants.m */,
				047733C21B4C3D1200E523BD /* GPKGSProperties.h */,
				047733C31B4C3D1200E523BD /* GPKGSProperties.m */,
				04082B541B4F18A000D65E6B /* GPKGSUtils.h */,
				04082B551B4F18A000D65E6B /* GPKGSUtils.m */,
			);
			path = util;
			sourceTree = "<group>";
		};
		C5D6DE3118DC6CC3BD7E852D /* Pods */ = {
			isa = PBXGroup;
			children = (
				5EF2C0B086224981AE6EF48D /* Pods.debug.xcconfig */,
				C5C14A8A96D2279034BCA65B /* Pods.release.xcconfig */,
			);
			name = Pods;
			sourceTree = "<group>";
		};
		F92DE52400ADCEC8CC3BBB88 /* Frameworks */ = {
			isa = PBXGroup;
			children = (
				048C212A1AFBCC9400EBC38B /* libsqlite3.dylib */,
				02FF687C0F94F922C6DBA093 /* libPods.a */,
			);
			name = Frameworks;
			sourceTree = "<group>";
		};
/* End PBXGroup section */

/* Begin PBXNativeTarget section */
		0401366E1AF94FB200C92AFC /* geopackage-sample-ios */ = {
			isa = PBXNativeTarget;
			buildConfigurationList = 040136951AF94FB200C92AFC /* Build configuration list for PBXNativeTarget "geopackage-sample-ios" */;
			buildPhases = (
				C8B98BBB41597A0D3F25DE44 /* Check Pods Manifest.lock */,
				0401366B1AF94FB200C92AFC /* Sources */,
				0401366C1AF94FB200C92AFC /* Frameworks */,
				0401366D1AF94FB200C92AFC /* Resources */,
				D51B2B27AB5CBB199555A59F /* Copy Pods Resources */,
			);
			buildRules = (
			);
			dependencies = (
			);
			name = "geopackage-sample-ios";
			productName = "geopackage-sample-ios";
			productReference = 0401366F1AF94FB200C92AFC /* geopackage-sample-ios.app */;
			productType = "com.apple.product-type.application";
		};
		0401368A1AF94FB200C92AFC /* geopackage-sample-iosTests */ = {
			isa = PBXNativeTarget;
			buildConfigurationList = 040136981AF94FB200C92AFC /* Build configuration list for PBXNativeTarget "geopackage-sample-iosTests" */;
			buildPhases = (
				040136871AF94FB200C92AFC /* Sources */,
				040136881AF94FB200C92AFC /* Frameworks */,
				040136891AF94FB200C92AFC /* Resources */,
			);
			buildRules = (
			);
			dependencies = (
				0401368D1AF94FB200C92AFC /* PBXTargetDependency */,
			);
			name = "geopackage-sample-iosTests";
			productName = "geopackage-sample-iosTests";
			productReference = 0401368B1AF94FB200C92AFC /* geopackage-sample-iosTests.xctest */;
			productType = "com.apple.product-type.bundle.unit-test";
		};
/* End PBXNativeTarget section */

/* Begin PBXProject section */
		040136671AF94FB200C92AFC /* Project object */ = {
			isa = PBXProject;
			attributes = {
				LastUpgradeCheck = 0630;
				ORGANIZATIONNAME = NGA;
				TargetAttributes = {
					0401366E1AF94FB200C92AFC = {
						CreatedOnToolsVersion = 6.3.1;
						DevelopmentTeam = A8EK924J35;
					};
					0401368A1AF94FB200C92AFC = {
						CreatedOnToolsVersion = 6.3.1;
						TestTargetID = 0401366E1AF94FB200C92AFC;
					};
				};
			};
			buildConfigurationList = 0401366A1AF94FB200C92AFC /* Build configuration list for PBXProject "geopackage-sample-ios" */;
			compatibilityVersion = "Xcode 3.2";
			developmentRegion = English;
			hasScannedForEncodings = 0;
			knownRegions = (
				en,
				Base,
			);
			mainGroup = 040136661AF94FB200C92AFC;
			productRefGroup = 040136701AF94FB200C92AFC /* Products */;
			projectDirPath = "";
			projectRoot = "";
			targets = (
				0401366E1AF94FB200C92AFC /* geopackage-sample-ios */,
				0401368A1AF94FB200C92AFC /* geopackage-sample-iosTests */,
			);
		};
/* End PBXProject section */

/* Begin PBXResourcesBuildPhase section */
		0401366D1AF94FB200C92AFC /* Resources */ = {
			isa = PBXResourcesBuildPhase;
			buildActionMask = 2147483647;
			files = (
				0499E6181AFCE2B900431FCF /* gdal_sample.gpkg in Resources */,
				047733C61B4C3E3400E523BD /* sample.plist in Resources */,
				040136811AF94FB200C92AFC /* Main.storyboard in Resources */,
				040136861AF94FB200C92AFC /* LaunchScreen.xib in Resources */,
				040136831AF94FB200C92AFC /* Images.xcassets in Resources */,
			);
			runOnlyForDeploymentPostprocessing = 0;
		};
		040136891AF94FB200C92AFC /* Resources */ = {
			isa = PBXResourcesBuildPhase;
			buildActionMask = 2147483647;
			files = (
			);
			runOnlyForDeploymentPostprocessing = 0;
		};
/* End PBXResourcesBuildPhase section */

/* Begin PBXShellScriptBuildPhase section */
		C8B98BBB41597A0D3F25DE44 /* Check Pods Manifest.lock */ = {
			isa = PBXShellScriptBuildPhase;
			buildActionMask = 2147483647;
			files = (
			);
			inputPaths = (
			);
			name = "Check Pods Manifest.lock";
			outputPaths = (
			);
			runOnlyForDeploymentPostprocessing = 0;
			shellPath = /bin/sh;
			shellScript = "diff \"${PODS_ROOT}/../Podfile.lock\" \"${PODS_ROOT}/Manifest.lock\" > /dev/null\nif [[ $? != 0 ]] ; then\n    cat << EOM\nerror: The sandbox is not in sync with the Podfile.lock. Run 'pod install' or update your CocoaPods installation.\nEOM\n    exit 1\nfi\n";
			showEnvVarsInLog = 0;
		};
		D51B2B27AB5CBB199555A59F /* Copy Pods Resources */ = {
			isa = PBXShellScriptBuildPhase;
			buildActionMask = 2147483647;
			files = (
			);
			inputPaths = (
			);
			name = "Copy Pods Resources";
			outputPaths = (
			);
			runOnlyForDeploymentPostprocessing = 0;
			shellPath = /bin/sh;
			shellScript = "\"${SRCROOT}/Pods/Target Support Files/Pods/Pods-resources.sh\"\n";
			showEnvVarsInLog = 0;
		};
/* End PBXShellScriptBuildPhase section */

/* Begin PBXSourcesBuildPhase section */
		0401366B1AF94FB200C92AFC /* Sources */ = {
			isa = PBXSourcesBuildPhase;
			buildActionMask = 2147483647;
			files = (
				047733C91B4C496600E523BD /* GPKGSTableOptionsButton.m in Sources */,
				044647FC1B4AD1C00052913B /* GPKGSManagerViewController.m in Sources */,
				0446481A1B4C24AD0052913B /* GPKGSActiveTableSwitch.m in Sources */,
				045C94891B5026E00005CCD0 /* GPKGSDatabases.m in Sources */,
				04082B531B4EBE6F00D65E6B /* GPKGSDownloadFileViewController.m in Sources */,
				044648081B4AF6A70052913B /* GPKGSTileTable.m in Sources */,
				047733C41B4C3D1200E523BD /* GPKGSProperties.m in Sources */,
				0446481E1B4C26DF0052913B /* GPKGSConstants.m in Sources */,
				047733BE1B4C371500E523BD /* GPKGSDatabaseOptionsButton.m in Sources */,
				044647FF1B4AF3870052913B /* GPKGSTable.m in Sources */,
				040136781AF94FB200C92AFC /* AppDelegate.m in Sources */,
				044648021B4AF4250052913B /* GPKGSTableTypes.m in Sources */,
				044648111B4B1D960052913B /* GPKGSTableCell.m in Sources */,
				044648051B4AF6990052913B /* GPKGSFeatureTable.m in Sources */,
				0401367B1AF94FB200C92AFC /* GPKGSTestViewController.m in Sources */,
				045C94831B4FFE7E0005CCD0 /* GPKGSDisplayTextViewController.m in Sources */,
				045C94861B50226D0005CCD0 /* GPKGSFeatureOverlayTable.m in Sources */,
				04082B561B4F18A000D65E6B /* GPKGSUtils.m in Sources */,
				0446480B1B4AFC100052913B /* GPKGSDatabase.m in Sources */,
				040136751AF94FB200C92AFC /* main.m in Sources */,
				044648141B4B20950052913B /* GPKGSDatabaseCell.m in Sources */,
			);
			runOnlyForDeploymentPostprocessing = 0;
		};
		040136871AF94FB200C92AFC /* Sources */ = {
			isa = PBXSourcesBuildPhase;
			buildActionMask = 2147483647;
			files = (
				040136921AF94FB200C92AFC /* geopackage_sample_iosTests.m in Sources */,
			);
			runOnlyForDeploymentPostprocessing = 0;
		};
/* End PBXSourcesBuildPhase section */

/* Begin PBXTargetDependency section */
		0401368D1AF94FB200C92AFC /* PBXTargetDependency */ = {
			isa = PBXTargetDependency;
			target = 0401366E1AF94FB200C92AFC /* geopackage-sample-ios */;
			targetProxy = 0401368C1AF94FB200C92AFC /* PBXContainerItemProxy */;
		};
/* End PBXTargetDependency section */

/* Begin PBXVariantGroup section */
		0401367F1AF94FB200C92AFC /* Main.storyboard */ = {
			isa = PBXVariantGroup;
			children = (
				040136801AF94FB200C92AFC /* Base */,
			);
			name = Main.storyboard;
			sourceTree = "<group>";
		};
		040136841AF94FB200C92AFC /* LaunchScreen.xib */ = {
			isa = PBXVariantGroup;
			children = (
				040136851AF94FB200C92AFC /* Base */,
			);
			name = LaunchScreen.xib;
			sourceTree = "<group>";
		};
/* End PBXVariantGroup section */

/* Begin XCBuildConfiguration section */
		040136931AF94FB200C92AFC /* Debug */ = {
			isa = XCBuildConfiguration;
			buildSettings = {
				ALWAYS_SEARCH_USER_PATHS = NO;
				CLANG_CXX_LANGUAGE_STANDARD = "gnu++0x";
				CLANG_CXX_LIBRARY = "libc++";
				CLANG_ENABLE_MODULES = YES;
				CLANG_ENABLE_OBJC_ARC = YES;
				CLANG_WARN_BOOL_CONVERSION = YES;
				CLANG_WARN_CONSTANT_CONVERSION = YES;
				CLANG_WARN_DIRECT_OBJC_ISA_USAGE = YES_ERROR;
				CLANG_WARN_EMPTY_BODY = YES;
				CLANG_WARN_ENUM_CONVERSION = YES;
				CLANG_WARN_INT_CONVERSION = YES;
				CLANG_WARN_OBJC_ROOT_CLASS = YES_ERROR;
				CLANG_WARN_UNREACHABLE_CODE = YES;
				CLANG_WARN__DUPLICATE_METHOD_MATCH = YES;
				CODE_SIGN_IDENTITY = "iPhone Developer: Brian Osborn (EWV3Z7FJGH)";
				"CODE_SIGN_IDENTITY[sdk=iphoneos*]" = "iPhone Developer: Brian Osborn (EWV3Z7FJGH)";
				COPY_PHASE_STRIP = NO;
				DEBUG_INFORMATION_FORMAT = "dwarf-with-dsym";
				ENABLE_STRICT_OBJC_MSGSEND = YES;
				GCC_C_LANGUAGE_STANDARD = gnu99;
				GCC_DYNAMIC_NO_PIC = NO;
				GCC_NO_COMMON_BLOCKS = YES;
				GCC_OPTIMIZATION_LEVEL = 0;
				GCC_PREPROCESSOR_DEFINITIONS = (
					"DEBUG=1",
					"$(inherited)",
				);
				GCC_SYMBOLS_PRIVATE_EXTERN = NO;
				GCC_WARN_64_TO_32_BIT_CONVERSION = YES;
				GCC_WARN_ABOUT_RETURN_TYPE = YES_ERROR;
				GCC_WARN_UNDECLARED_SELECTOR = YES;
				GCC_WARN_UNINITIALIZED_AUTOS = YES_AGGRESSIVE;
				GCC_WARN_UNUSED_FUNCTION = YES;
				GCC_WARN_UNUSED_VARIABLE = YES;
				IPHONEOS_DEPLOYMENT_TARGET = 8.3;
				MTL_ENABLE_DEBUG_INFO = YES;
				ONLY_ACTIVE_ARCH = YES;
				SDKROOT = iphoneos;
				TARGETED_DEVICE_FAMILY = "1,2";
			};
			name = Debug;
		};
		040136941AF94FB200C92AFC /* Release */ = {
			isa = XCBuildConfiguration;
			buildSettings = {
				ALWAYS_SEARCH_USER_PATHS = NO;
				CLANG_CXX_LANGUAGE_STANDARD = "gnu++0x";
				CLANG_CXX_LIBRARY = "libc++";
				CLANG_ENABLE_MODULES = YES;
				CLANG_ENABLE_OBJC_ARC = YES;
				CLANG_WARN_BOOL_CONVERSION = YES;
				CLANG_WARN_CONSTANT_CONVERSION = YES;
				CLANG_WARN_DIRECT_OBJC_ISA_USAGE = YES_ERROR;
				CLANG_WARN_EMPTY_BODY = YES;
				CLANG_WARN_ENUM_CONVERSION = YES;
				CLANG_WARN_INT_CONVERSION = YES;
				CLANG_WARN_OBJC_ROOT_CLASS = YES_ERROR;
				CLANG_WARN_UNREACHABLE_CODE = YES;
				CLANG_WARN__DUPLICATE_METHOD_MATCH = YES;
				CODE_SIGN_IDENTITY = "iPhone Developer: Brian Osborn (EWV3Z7FJGH)";
				"CODE_SIGN_IDENTITY[sdk=iphoneos*]" = "iPhone Developer: Brian Osborn (EWV3Z7FJGH)";
				COPY_PHASE_STRIP = NO;
				DEBUG_INFORMATION_FORMAT = "dwarf-with-dsym";
				ENABLE_NS_ASSERTIONS = NO;
				ENABLE_STRICT_OBJC_MSGSEND = YES;
				GCC_C_LANGUAGE_STANDARD = gnu99;
				GCC_NO_COMMON_BLOCKS = YES;
				GCC_WARN_64_TO_32_BIT_CONVERSION = YES;
				GCC_WARN_ABOUT_RETURN_TYPE = YES_ERROR;
				GCC_WARN_UNDECLARED_SELECTOR = YES;
				GCC_WARN_UNINITIALIZED_AUTOS = YES_AGGRESSIVE;
				GCC_WARN_UNUSED_FUNCTION = YES;
				GCC_WARN_UNUSED_VARIABLE = YES;
				IPHONEOS_DEPLOYMENT_TARGET = 8.3;
				MTL_ENABLE_DEBUG_INFO = NO;
				SDKROOT = iphoneos;
				TARGETED_DEVICE_FAMILY = "1,2";
				VALIDATE_PRODUCT = YES;
			};
			name = Release;
		};
		040136961AF94FB200C92AFC /* Debug */ = {
			isa = XCBuildConfiguration;
			baseConfigurationReference = 5EF2C0B086224981AE6EF48D /* Pods.debug.xcconfig */;
			buildSettings = {
				ASSETCATALOG_COMPILER_APPICON_NAME = AppIcon;
				CODE_SIGN_IDENTITY = "iPhone Developer";
				"CODE_SIGN_IDENTITY[sdk=iphoneos*]" = "iPhone Developer";
				INFOPLIST_FILE = "geopackage-sample-ios/Info.plist";
				LD_RUNPATH_SEARCH_PATHS = "$(inherited) @executable_path/Frameworks";
				PRODUCT_NAME = "$(TARGET_NAME)";
				PROVISIONING_PROFILE = "";
			};
			name = Debug;
		};
		040136971AF94FB200C92AFC /* Release */ = {
			isa = XCBuildConfiguration;
			baseConfigurationReference = C5C14A8A96D2279034BCA65B /* Pods.release.xcconfig */;
			buildSettings = {
				ASSETCATALOG_COMPILER_APPICON_NAME = AppIcon;
				CODE_SIGN_IDENTITY = "iPhone Developer";
				"CODE_SIGN_IDENTITY[sdk=iphoneos*]" = "iPhone Developer";
				INFOPLIST_FILE = "geopackage-sample-ios/Info.plist";
				LD_RUNPATH_SEARCH_PATHS = "$(inherited) @executable_path/Frameworks";
				PRODUCT_NAME = "$(TARGET_NAME)";
				PROVISIONING_PROFILE = "";
			};
			name = Release;
		};
		040136991AF94FB200C92AFC /* Debug */ = {
			isa = XCBuildConfiguration;
			buildSettings = {
				BUNDLE_LOADER = "$(TEST_HOST)";
				FRAMEWORK_SEARCH_PATHS = (
					"$(SDKROOT)/Developer/Library/Frameworks",
					"$(inherited)",
				);
				GCC_PREPROCESSOR_DEFINITIONS = (
					"DEBUG=1",
					"$(inherited)",
				);
				INFOPLIST_FILE = "geopackage-sample-iosTests/Info.plist";
				LD_RUNPATH_SEARCH_PATHS = "$(inherited) @executable_path/Frameworks @loader_path/Frameworks";
				PRODUCT_NAME = "$(TARGET_NAME)";
				TEST_HOST = "$(BUILT_PRODUCTS_DIR)/geopackage-sample-ios.app/geopackage-sample-ios";
			};
			name = Debug;
		};
		0401369A1AF94FB200C92AFC /* Release */ = {
			isa = XCBuildConfiguration;
			buildSettings = {
				BUNDLE_LOADER = "$(TEST_HOST)";
				FRAMEWORK_SEARCH_PATHS = (
					"$(SDKROOT)/Developer/Library/Frameworks",
					"$(inherited)",
				);
				INFOPLIST_FILE = "geopackage-sample-iosTests/Info.plist";
				LD_RUNPATH_SEARCH_PATHS = "$(inherited) @executable_path/Frameworks @loader_path/Frameworks";
				PRODUCT_NAME = "$(TARGET_NAME)";
				TEST_HOST = "$(BUILT_PRODUCTS_DIR)/geopackage-sample-ios.app/geopackage-sample-ios";
			};
			name = Release;
		};
/* End XCBuildConfiguration section */

/* Begin XCConfigurationList section */
		0401366A1AF94FB200C92AFC /* Build configuration list for PBXProject "geopackage-sample-ios" */ = {
			isa = XCConfigurationList;
			buildConfigurations = (
				040136931AF94FB200C92AFC /* Debug */,
				040136941AF94FB200C92AFC /* Release */,
			);
			defaultConfigurationIsVisible = 0;
			defaultConfigurationName = Release;
		};
		040136951AF94FB200C92AFC /* Build configuration list for PBXNativeTarget "geopackage-sample-ios" */ = {
			isa = XCConfigurationList;
			buildConfigurations = (
				040136961AF94FB200C92AFC /* Debug */,
				040136971AF94FB200C92AFC /* Release */,
			);
			defaultConfigurationIsVisible = 0;
			defaultConfigurationName = Release;
		};
		040136981AF94FB200C92AFC /* Build configuration list for PBXNativeTarget "geopackage-sample-iosTests" */ = {
			isa = XCConfigurationList;
			buildConfigurations = (
				040136991AF94FB200C92AFC /* Debug */,
				0401369A1AF94FB200C92AFC /* Release */,
			);
			defaultConfigurationIsVisible = 0;
			defaultConfigurationName = Release;
		};
/* End XCConfigurationList section */
	};
	rootObject = 040136671AF94FB200C92AFC /* Project object */;
}
