// !$*UTF8*$!
{
	archiveVersion = 1;
	classes = {
	};
	objectVersion = 46;
	objects = {

/* Begin PBXBuildFile section */
		040136751AF94FB200C92AFC /* main.m in Sources */ = {isa = PBXBuildFile; fileRef = 040136741AF94FB200C92AFC /* main.m */; };
		040136781AF94FB200C92AFC /* AppDelegate.m in Sources */ = {isa = PBXBuildFile; fileRef = 040136771AF94FB200C92AFC /* AppDelegate.m */; };
		040136811AF94FB200C92AFC /* Main.storyboard in Resources */ = {isa = PBXBuildFile; fileRef = 0401367F1AF94FB200C92AFC /* Main.storyboard */; };
		040136831AF94FB200C92AFC /* Images.xcassets in Resources */ = {isa = PBXBuildFile; fileRef = 040136821AF94FB200C92AFC /* Images.xcassets */; };
		040136861AF94FB200C92AFC /* LaunchScreen.xib in Resources */ = {isa = PBXBuildFile; fileRef = 040136841AF94FB200C92AFC /* LaunchScreen.xib */; };
		040136921AF94FB200C92AFC /* mapcache_iosTests.m in Sources */ = {isa = PBXBuildFile; fileRef = 040136911AF94FB200C92AFC /* mapcache_iosTests.m */; };
		04082B531B4EBE6F00D65E6B /* GPKGSDownloadFileViewController.m in Sources */ = {isa = PBXBuildFile; fileRef = 04082B521B4EBE6F00D65E6B /* GPKGSDownloadFileViewController.m */; };
		04082B561B4F18A000D65E6B /* GPKGSUtils.m in Sources */ = {isa = PBXBuildFile; fileRef = 04082B551B4F18A000D65E6B /* GPKGSUtils.m */; };
		043A45821B79442C001B8FC5 /* GPKGSDownloadTilesViewController.m in Sources */ = {isa = PBXBuildFile; fileRef = 043A45811B79442C001B8FC5 /* GPKGSDownloadTilesViewController.m */; };
		043A45851B7A54C2001B8FC5 /* GPKGSSelectFeatureTableViewController.m in Sources */ = {isa = PBXBuildFile; fileRef = 043A45841B7A54C2001B8FC5 /* GPKGSSelectFeatureTableViewController.m */; };
		043A458B1B7E21E3001B8FC5 /* GPKGSMapPointData.m in Sources */ = {isa = PBXBuildFile; fileRef = 043A458A1B7E21E3001B8FC5 /* GPKGSMapPointData.m */; };
		043A45911B7E63C1001B8FC5 /* GPKGSEditTypes.m in Sources */ = {isa = PBXBuildFile; fileRef = 043A45901B7E63C1001B8FC5 /* GPKGSEditTypes.m */; };
		043A45981B83B4AB001B8FC5 /* GPGKSMapPointInitializer.m in Sources */ = {isa = PBXBuildFile; fileRef = 043A45971B83B4AB001B8FC5 /* GPGKSMapPointInitializer.m */; };
		043A459E1B84AA5D001B8FC5 /* GPKGSMapPointDataTypes.m in Sources */ = {isa = PBXBuildFile; fileRef = 043A459D1B84AA5D001B8FC5 /* GPKGSMapPointDataTypes.m */; };
		044647FC1B4AD1C00052913B /* GPKGSManagerViewController.m in Sources */ = {isa = PBXBuildFile; fileRef = 044647FB1B4AD1C00052913B /* GPKGSManagerViewController.m */; };
		044647FF1B4AF3870052913B /* GPKGSTable.m in Sources */ = {isa = PBXBuildFile; fileRef = 044647FE1B4AF3870052913B /* GPKGSTable.m */; };
		044648021B4AF4250052913B /* GPKGSTableTypes.m in Sources */ = {isa = PBXBuildFile; fileRef = 044648011B4AF4250052913B /* GPKGSTableTypes.m */; };
		044648051B4AF6990052913B /* GPKGSFeatureTable.m in Sources */ = {isa = PBXBuildFile; fileRef = 044648041B4AF6990052913B /* GPKGSFeatureTable.m */; };
		044648081B4AF6A70052913B /* GPKGSTileTable.m in Sources */ = {isa = PBXBuildFile; fileRef = 044648071B4AF6A70052913B /* GPKGSTileTable.m */; };
		0446480B1B4AFC100052913B /* GPKGSDatabase.m in Sources */ = {isa = PBXBuildFile; fileRef = 0446480A1B4AFC100052913B /* GPKGSDatabase.m */; };
		044648111B4B1D960052913B /* GPKGSTableCell.m in Sources */ = {isa = PBXBuildFile; fileRef = 044648101B4B1D960052913B /* GPKGSTableCell.m */; };
		044648141B4B20950052913B /* GPKGSDatabaseCell.m in Sources */ = {isa = PBXBuildFile; fileRef = 044648131B4B20950052913B /* GPKGSDatabaseCell.m */; };
		0446481A1B4C24AD0052913B /* GPKGSActiveTableSwitch.m in Sources */ = {isa = PBXBuildFile; fileRef = 044648191B4C24AD0052913B /* GPKGSActiveTableSwitch.m */; };
		0446481E1B4C26DF0052913B /* GPKGSConstants.m in Sources */ = {isa = PBXBuildFile; fileRef = 0446481D1B4C26DF0052913B /* GPKGSConstants.m */; };
		044D6B4B1B627B0000527745 /* GPKGSLoadTilesTask.m in Sources */ = {isa = PBXBuildFile; fileRef = 044D6B4A1B627B0000527745 /* GPKGSLoadTilesTask.m */; };
		045C94831B4FFE7E0005CCD0 /* GPKGSDisplayTextViewController.m in Sources */ = {isa = PBXBuildFile; fileRef = 045C94821B4FFE7E0005CCD0 /* GPKGSDisplayTextViewController.m */; };
		045C94861B50226D0005CCD0 /* GPKGSFeatureOverlayTable.m in Sources */ = {isa = PBXBuildFile; fileRef = 045C94851B50226D0005CCD0 /* GPKGSFeatureOverlayTable.m */; };
		045C94891B5026E00005CCD0 /* GPKGSDatabases.m in Sources */ = {isa = PBXBuildFile; fileRef = 045C94881B5026E00005CCD0 /* GPKGSDatabases.m */; };
		045C948D1B50789D0005CCD0 /* GPKGSMapView.m in Sources */ = {isa = PBXBuildFile; fileRef = 045C948C1B50789D0005CCD0 /* GPKGSMapView.m */; };
		045C94901B53EEB80005CCD0 /* GPKGSMapViewController.m in Sources */ = {isa = PBXBuildFile; fileRef = 045C948F1B53EEB80005CCD0 /* GPKGSMapViewController.m */; };
		045C94941B56DF620005CCD0 /* GPKGSIndexerTask.m in Sources */ = {isa = PBXBuildFile; fileRef = 045C94931B56DF620005CCD0 /* GPKGSIndexerTask.m */; };
		045C94981B5D384A0005CCD0 /* GPKGSCreateFeaturesViewController.m in Sources */ = {isa = PBXBuildFile; fileRef = 045C94971B5D384A0005CCD0 /* GPKGSCreateFeaturesViewController.m */; };
		045C949B1B5D4C560005CCD0 /* GPKGSDecimalValidator.m in Sources */ = {isa = PBXBuildFile; fileRef = 045C949A1B5D4C560005CCD0 /* GPKGSDecimalValidator.m */; };
		045C94A91B5DA5C20005CCD0 /* GPKGSBoundingBoxViewController.m in Sources */ = {isa = PBXBuildFile; fileRef = 045C94A81B5DA5C20005CCD0 /* GPKGSBoundingBoxViewController.m */; };
		046877F81C68FE9400967470 /* GPKGSLinkedTablesViewController.m in Sources */ = {isa = PBXBuildFile; fileRef = 046877F71C68FE9400967470 /* GPKGSLinkedTablesViewController.m */; };
		047733BE1B4C371500E523BD /* GPKGSDatabaseOptionsButton.m in Sources */ = {isa = PBXBuildFile; fileRef = 047733BD1B4C371500E523BD /* GPKGSDatabaseOptionsButton.m */; };
		047733C41B4C3D1200E523BD /* GPKGSProperties.m in Sources */ = {isa = PBXBuildFile; fileRef = 047733C31B4C3D1200E523BD /* GPKGSProperties.m */; };
		047733C61B4C3E3400E523BD /* mapcache.plist in Resources */ = {isa = PBXBuildFile; fileRef = 047733C51B4C3E3400E523BD /* mapcache.plist */; };
		047733C91B4C496600E523BD /* GPKGSTableOptionsButton.m in Sources */ = {isa = PBXBuildFile; fileRef = 047733C81B4C496600E523BD /* GPKGSTableOptionsButton.m */; };
		048C212B1AFBCC9400EBC38B /* libsqlite3.dylib in Frameworks */ = {isa = PBXBuildFile; fileRef = 048C212A1AFBCC9400EBC38B /* libsqlite3.dylib */; };
		04CCC85C1B5FF1830001296D /* GPKGSManagerCreateTilesViewController.m in Sources */ = {isa = PBXBuildFile; fileRef = 04CCC85B1B5FF1830001296D /* GPKGSManagerCreateTilesViewController.m */; };
		04CCC85F1B60225C0001296D /* GPKGSKeyboardConstraint.m in Sources */ = {isa = PBXBuildFile; fileRef = 04CCC85E1B60225C0001296D /* GPKGSKeyboardConstraint.m */; };
		04CCC8621B60232A0001296D /* GPKGSUIResponder+FirstResponder.m in Sources */ = {isa = PBXBuildFile; fileRef = 04CCC8611B60232A0001296D /* GPKGSUIResponder+FirstResponder.m */; };
		04CCC8651B61122A0001296D /* GPKGSGenerateTilesViewController.m in Sources */ = {isa = PBXBuildFile; fileRef = 04CCC8641B61122A0001296D /* GPKGSGenerateTilesViewController.m */; };
		04CCC8681B6114EE0001296D /* GPKGSGenerateTilesData.m in Sources */ = {isa = PBXBuildFile; fileRef = 04CCC8671B6114EE0001296D /* GPKGSGenerateTilesData.m */; };
		04CCC86B1B6121E90001296D /* GPKGSLoadTilesViewController.m in Sources */ = {isa = PBXBuildFile; fileRef = 04CCC86A1B6121E90001296D /* GPKGSLoadTilesViewController.m */; };
		04CCC86E1B6122040001296D /* GPKGSLoadTilesData.m in Sources */ = {isa = PBXBuildFile; fileRef = 04CCC86D1B6122040001296D /* GPKGSLoadTilesData.m */; };
		04CCC8711B6122480001296D /* GPKGSCreateTilesViewController.m in Sources */ = {isa = PBXBuildFile; fileRef = 04CCC8701B6122480001296D /* GPKGSCreateTilesViewController.m */; };
		04CCC8741B61228D0001296D /* GPKGSCreateTilesData.m in Sources */ = {isa = PBXBuildFile; fileRef = 04CCC8731B61228D0001296D /* GPKGSCreateTilesData.m */; };
		04DD108E1BD9443F00CC59A0 /* GPKGSTableIndex.m in Sources */ = {isa = PBXBuildFile; fileRef = 04DD108D1BD9443F00CC59A0 /* GPKGSTableIndex.m */; };
		04E0EE051B69112B0095E53E /* GPKGSAddTileOverlayViewController.m in Sources */ = {isa = PBXBuildFile; fileRef = 04E0EE041B69112B0095E53E /* GPKGSAddTileOverlayViewController.m */; };
		04E0EE081B6919D80095E53E /* GPKGSEditTileOverlayViewController.m in Sources */ = {isa = PBXBuildFile; fileRef = 04E0EE071B6919D80095E53E /* GPKGSEditTileOverlayViewController.m */; };
		04E0EE0B1B691A3C0095E53E /* GPKGSEditTileOverlayData.m in Sources */ = {isa = PBXBuildFile; fileRef = 04E0EE0A1B691A3C0095E53E /* GPKGSEditTileOverlayData.m */; };
		04E0EE0E1B691AD10095E53E /* GPKGSManagerEditTileOverlayViewController.m in Sources */ = {isa = PBXBuildFile; fileRef = 04E0EE0D1B691AD10095E53E /* GPKGSManagerEditTileOverlayViewController.m */; };
		04E1D8CD1B66814A002BD947 /* GPKGSManagerLoadTilesViewController.m in Sources */ = {isa = PBXBuildFile; fileRef = 04E1D8CC1B66814A002BD947 /* GPKGSManagerLoadTilesViewController.m */; };
		04E1D8D01B66D366002BD947 /* GPKGSEditContentsViewController.m in Sources */ = {isa = PBXBuildFile; fileRef = 04E1D8CF1B66D366002BD947 /* GPKGSEditContentsViewController.m */; };
		04E1D8D31B66D41E002BD947 /* GPKGSEditFeaturesViewController.m in Sources */ = {isa = PBXBuildFile; fileRef = 04E1D8D21B66D41E002BD947 /* GPKGSEditFeaturesViewController.m */; };
		04E1D8D61B66D439002BD947 /* GPKGSEditTilesViewController.m in Sources */ = {isa = PBXBuildFile; fileRef = 04E1D8D51B66D439002BD947 /* GPKGSEditTilesViewController.m */; };
		04E1D8D91B66D4CA002BD947 /* GPKGSEditContentsData.m in Sources */ = {isa = PBXBuildFile; fileRef = 04E1D8D81B66D4CA002BD947 /* GPKGSEditContentsData.m */; };
		04E1D8DC1B682CF4002BD947 /* GPKGSFeatureTilesDrawViewController.m in Sources */ = {isa = PBXBuildFile; fileRef = 04E1D8DB1B682CF4002BD947 /* GPKGSFeatureTilesDrawViewController.m */; };
		04E1D8DF1B682D0F002BD947 /* GPKGSFeatureTilesDrawData.m in Sources */ = {isa = PBXBuildFile; fileRef = 04E1D8DE1B682D0F002BD947 /* GPKGSFeatureTilesDrawData.m */; };
		04E1D8E21B682D5D002BD947 /* GPKGSCreateFeatureTilesViewController.m in Sources */ = {isa = PBXBuildFile; fileRef = 04E1D8E11B682D5D002BD947 /* GPKGSCreateFeatureTilesViewController.m */; };
		CF52A7895D9F544D637D87A3 /* libPods-mapcache-ios.a in Frameworks */ = {isa = PBXBuildFile; fileRef = 3C949BBDA5ECEE9FFAC05F51 /* libPods-mapcache-ios.a */; };
		E308FBC11FBE400500348577 /* SingleGeoPackageView.xib in Resources */ = {isa = PBXBuildFile; fileRef = E308FBC01FBE400500348577 /* SingleGeoPackageView.xib */; };
		E308FBC61FBFA7CA00348577 /* GPKGSHeaderCellTableViewCell.m in Sources */ = {isa = PBXBuildFile; fileRef = E308FBC51FBFA7CA00348577 /* GPKGSHeaderCellTableViewCell.m */; };
		E312A3381FAA416500C088FB /* GPKGSDownloadCoordinator.m in Sources */ = {isa = PBXBuildFile; fileRef = E312A3371FAA416500C088FB /* GPKGSDownloadCoordinator.m */; };
		E33F55721FC4A1C000F252FD /* GPKGSSectionTitleCell.xib in Resources */ = {isa = PBXBuildFile; fileRef = E33F55711FC4A1C000F252FD /* GPKGSSectionTitleCell.xib */; };
		E33F55751FC4A25500F252FD /* GPKGSSectionTitleCell.m in Sources */ = {isa = PBXBuildFile; fileRef = E33F55741FC4A25500F252FD /* GPKGSSectionTitleCell.m */; };
		E33F55771FC4FEBD00F252FD /* GPKGSLayerCell.xib in Resources */ = {isa = PBXBuildFile; fileRef = E33F55761FC4FEBD00F252FD /* GPKGSLayerCell.xib */; };
		E33F557A1FC4FF1E00F252FD /* GPKGSLayerCell.m in Sources */ = {isa = PBXBuildFile; fileRef = E33F55791FC4FF1E00F252FD /* GPKGSLayerCell.m */; };
		E33F557C1FCC954B00F252FD /* GPKGSButtonCell.xib in Resources */ = {isa = PBXBuildFile; fileRef = E33F557B1FCC954B00F252FD /* GPKGSButtonCell.xib */; };
		E33F557F1FCC956A00F252FD /* GPKGSButtonCell.m in Sources */ = {isa = PBXBuildFile; fileRef = E33F557E1FCC956A00F252FD /* GPKGSButtonCell.m */; };
		E354EEDB2006B9B000B062BE /* GPKGSDescriptionCell.xib in Resources */ = {isa = PBXBuildFile; fileRef = E354EEDA2006B9B000B062BE /* GPKGSDescriptionCell.xib */; };
		E354EEDE2006BB9500B062BE /* GPKGSDesctiptionCell.m in Sources */ = {isa = PBXBuildFile; fileRef = E354EEDD2006BB9500B062BE /* GPKGSDesctiptionCell.m */; };
		E3A491FF1FA78A4C00FFE613 /* GPKGSManagerCoordinator.m in Sources */ = {isa = PBXBuildFile; fileRef = E3A491FE1FA78A4C00FFE613 /* GPKGSManagerCoordinator.m */; };
		E3A492051FA952F200FFE613 /* GPKGSCoordinator.m in Sources */ = {isa = PBXBuildFile; fileRef = E3A492041FA952F200FFE613 /* GPKGSCoordinator.m */; };
		E3A4920B1FA9538800FFE613 /* GPKGSGeopackageSingleViewController.m in Sources */ = {isa = PBXBuildFile; fileRef = E3A4920A1FA9538800FFE613 /* GPKGSGeopackageSingleViewController.m */; };
		E3A4920D1FA9885B00FFE613 /* DownloadGeopackage.xib in Resources */ = {isa = PBXBuildFile; fileRef = E3A4920C1FA9885B00FFE613 /* DownloadGeopackage.xib */; };
		E3A651A82003DDC800B8AB27 /* GPKGSCreateLayerViewController.m in Sources */ = {isa = PBXBuildFile; fileRef = E3A651A72003DDC800B8AB27 /* GPKGSCreateLayerViewController.m */; };
		E3A651AB2003E1B700B8AB27 /* CreateLayerView.xib in Resources */ = {isa = PBXBuildFile; fileRef = E3A651AA2003E1B700B8AB27 /* CreateLayerView.xib */; };
		E3A651AD2004407600B8AB27 /* GPKGSFieldWithTitleCell.xib in Resources */ = {isa = PBXBuildFile; fileRef = E3A651AC2004407600B8AB27 /* GPKGSFieldWithTitleCell.xib */; };
		E3A651B0200563AF00B8AB27 /* GPKGSTileLayerDetailsViewController.m in Sources */ = {isa = PBXBuildFile; fileRef = E3A651AF200563AF00B8AB27 /* GPKGSTileLayerDetailsViewController.m */; };
		E3A651B32005652400B8AB27 /* GPKGSFieldWithTitleCell.m in Sources */ = {isa = PBXBuildFile; fileRef = E3A651B22005652400B8AB27 /* GPKGSFieldWithTitleCell.m */; };
		E3A674D31FFEE52500089211 /* GPKGSNewLayerViewController.m in Sources */ = {isa = PBXBuildFile; fileRef = E3A674D21FFEE52500089211 /* GPKGSNewLayerViewController.m */; };
		E3B9753B1FB3DED400E33E0A /* GPKGSHeaderCellDisplay.xib in Resources */ = {isa = PBXBuildFile; fileRef = E3B9753A1FB3DED400E33E0A /* GPKGSHeaderCellDisplay.xib */; };
/* End PBXBuildFile section */

/* Begin PBXContainerItemProxy section */
		0401368C1AF94FB200C92AFC /* PBXContainerItemProxy */ = {
			isa = PBXContainerItemProxy;
			containerPortal = 040136671AF94FB200C92AFC /* Project object */;
			proxyType = 1;
			remoteGlobalIDString = 0401366E1AF94FB200C92AFC;
			remoteInfo = "mapcache-ios";
		};
/* End PBXContainerItemProxy section */

/* Begin PBXFileReference section */
		02FF687C0F94F922C6DBA093 /* libPods.a */ = {isa = PBXFileReference; explicitFileType = archive.ar; includeInIndex = 0; path = libPods.a; sourceTree = BUILT_PRODUCTS_DIR; };
		0401366F1AF94FB200C92AFC /* mapcache-ios.app */ = {isa = PBXFileReference; explicitFileType = wrapper.application; includeInIndex = 0; path = "mapcache-ios.app"; sourceTree = BUILT_PRODUCTS_DIR; };
		040136731AF94FB200C92AFC /* Info.plist */ = {isa = PBXFileReference; lastKnownFileType = text.plist.xml; path = Info.plist; sourceTree = "<group>"; };
		040136741AF94FB200C92AFC /* main.m */ = {isa = PBXFileReference; lastKnownFileType = sourcecode.c.objc; path = main.m; sourceTree = "<group>"; };
		040136761AF94FB200C92AFC /* AppDelegate.h */ = {isa = PBXFileReference; lastKnownFileType = sourcecode.c.h; path = AppDelegate.h; sourceTree = "<group>"; };
		040136771AF94FB200C92AFC /* AppDelegate.m */ = {isa = PBXFileReference; lastKnownFileType = sourcecode.c.objc; path = AppDelegate.m; sourceTree = "<group>"; };
		040136801AF94FB200C92AFC /* Base */ = {isa = PBXFileReference; lastKnownFileType = file.storyboard; name = Base; path = Base.lproj/Main.storyboard; sourceTree = "<group>"; };
		040136821AF94FB200C92AFC /* Images.xcassets */ = {isa = PBXFileReference; lastKnownFileType = folder.assetcatalog; path = Images.xcassets; sourceTree = "<group>"; };
		040136851AF94FB200C92AFC /* Base */ = {isa = PBXFileReference; lastKnownFileType = file.xib; name = Base; path = Base.lproj/LaunchScreen.xib; sourceTree = "<group>"; };
		0401368B1AF94FB200C92AFC /* mapcache-iosTests.xctest */ = {isa = PBXFileReference; explicitFileType = wrapper.cfbundle; includeInIndex = 0; path = "mapcache-iosTests.xctest"; sourceTree = BUILT_PRODUCTS_DIR; };
		040136901AF94FB200C92AFC /* Info.plist */ = {isa = PBXFileReference; lastKnownFileType = text.plist.xml; path = Info.plist; sourceTree = "<group>"; };
		040136911AF94FB200C92AFC /* mapcache_iosTests.m */ = {isa = PBXFileReference; lastKnownFileType = sourcecode.c.objc; path = mapcache_iosTests.m; sourceTree = "<group>"; };
		04082B511B4EBE6F00D65E6B /* GPKGSDownloadFileViewController.h */ = {isa = PBXFileReference; fileEncoding = 4; lastKnownFileType = sourcecode.c.h; path = GPKGSDownloadFileViewController.h; sourceTree = "<group>"; };
		04082B521B4EBE6F00D65E6B /* GPKGSDownloadFileViewController.m */ = {isa = PBXFileReference; fileEncoding = 4; lastKnownFileType = sourcecode.c.objc; path = GPKGSDownloadFileViewController.m; sourceTree = "<group>"; };
		04082B541B4F18A000D65E6B /* GPKGSUtils.h */ = {isa = PBXFileReference; fileEncoding = 4; lastKnownFileType = sourcecode.c.h; path = GPKGSUtils.h; sourceTree = "<group>"; };
		04082B551B4F18A000D65E6B /* GPKGSUtils.m */ = {isa = PBXFileReference; fileEncoding = 4; lastKnownFileType = sourcecode.c.objc; path = GPKGSUtils.m; sourceTree = "<group>"; };
		043A45801B79442C001B8FC5 /* GPKGSDownloadTilesViewController.h */ = {isa = PBXFileReference; fileEncoding = 4; lastKnownFileType = sourcecode.c.h; path = GPKGSDownloadTilesViewController.h; sourceTree = "<group>"; };
		043A45811B79442C001B8FC5 /* GPKGSDownloadTilesViewController.m */ = {isa = PBXFileReference; fileEncoding = 4; lastKnownFileType = sourcecode.c.objc; path = GPKGSDownloadTilesViewController.m; sourceTree = "<group>"; };
		043A45831B7A54C2001B8FC5 /* GPKGSSelectFeatureTableViewController.h */ = {isa = PBXFileReference; fileEncoding = 4; lastKnownFileType = sourcecode.c.h; path = GPKGSSelectFeatureTableViewController.h; sourceTree = "<group>"; };
		043A45841B7A54C2001B8FC5 /* GPKGSSelectFeatureTableViewController.m */ = {isa = PBXFileReference; fileEncoding = 4; lastKnownFileType = sourcecode.c.objc; path = GPKGSSelectFeatureTableViewController.m; sourceTree = "<group>"; };
		043A45891B7E21E3001B8FC5 /* GPKGSMapPointData.h */ = {isa = PBXFileReference; fileEncoding = 4; lastKnownFileType = sourcecode.c.h; path = GPKGSMapPointData.h; sourceTree = "<group>"; };
		043A458A1B7E21E3001B8FC5 /* GPKGSMapPointData.m */ = {isa = PBXFileReference; fileEncoding = 4; lastKnownFileType = sourcecode.c.objc; path = GPKGSMapPointData.m; sourceTree = "<group>"; };
		043A458F1B7E63C1001B8FC5 /* GPKGSEditTypes.h */ = {isa = PBXFileReference; fileEncoding = 4; lastKnownFileType = sourcecode.c.h; path = GPKGSEditTypes.h; sourceTree = "<group>"; };
		043A45901B7E63C1001B8FC5 /* GPKGSEditTypes.m */ = {isa = PBXFileReference; fileEncoding = 4; lastKnownFileType = sourcecode.c.objc; path = GPKGSEditTypes.m; sourceTree = "<group>"; };
		043A45961B83B4AB001B8FC5 /* GPGKSMapPointInitializer.h */ = {isa = PBXFileReference; fileEncoding = 4; lastKnownFileType = sourcecode.c.h; path = GPGKSMapPointInitializer.h; sourceTree = "<group>"; };
		043A45971B83B4AB001B8FC5 /* GPGKSMapPointInitializer.m */ = {isa = PBXFileReference; fileEncoding = 4; lastKnownFileType = sourcecode.c.objc; path = GPGKSMapPointInitializer.m; sourceTree = "<group>"; };
		043A459C1B84AA5D001B8FC5 /* GPKGSMapPointDataTypes.h */ = {isa = PBXFileReference; fileEncoding = 4; lastKnownFileType = sourcecode.c.h; path = GPKGSMapPointDataTypes.h; sourceTree = "<group>"; };
		043A459D1B84AA5D001B8FC5 /* GPKGSMapPointDataTypes.m */ = {isa = PBXFileReference; fileEncoding = 4; lastKnownFileType = sourcecode.c.objc; path = GPKGSMapPointDataTypes.m; sourceTree = "<group>"; };
		044647FA1B4AD1C00052913B /* GPKGSManagerViewController.h */ = {isa = PBXFileReference; fileEncoding = 4; lastKnownFileType = sourcecode.c.h; path = GPKGSManagerViewController.h; sourceTree = "<group>"; };
		044647FB1B4AD1C00052913B /* GPKGSManagerViewController.m */ = {isa = PBXFileReference; fileEncoding = 4; lastKnownFileType = sourcecode.c.objc; path = GPKGSManagerViewController.m; sourceTree = "<group>"; };
		044647FD1B4AF3870052913B /* GPKGSTable.h */ = {isa = PBXFileReference; fileEncoding = 4; lastKnownFileType = sourcecode.c.h; path = GPKGSTable.h; sourceTree = "<group>"; };
		044647FE1B4AF3870052913B /* GPKGSTable.m */ = {isa = PBXFileReference; fileEncoding = 4; lastKnownFileType = sourcecode.c.objc; path = GPKGSTable.m; sourceTree = "<group>"; };
		044648001B4AF4250052913B /* GPKGSTableTypes.h */ = {isa = PBXFileReference; fileEncoding = 4; lastKnownFileType = sourcecode.c.h; path = GPKGSTableTypes.h; sourceTree = "<group>"; };
		044648011B4AF4250052913B /* GPKGSTableTypes.m */ = {isa = PBXFileReference; fileEncoding = 4; lastKnownFileType = sourcecode.c.objc; path = GPKGSTableTypes.m; sourceTree = "<group>"; };
		044648031B4AF6990052913B /* GPKGSFeatureTable.h */ = {isa = PBXFileReference; fileEncoding = 4; lastKnownFileType = sourcecode.c.h; path = GPKGSFeatureTable.h; sourceTree = "<group>"; };
		044648041B4AF6990052913B /* GPKGSFeatureTable.m */ = {isa = PBXFileReference; fileEncoding = 4; lastKnownFileType = sourcecode.c.objc; path = GPKGSFeatureTable.m; sourceTree = "<group>"; };
		044648061B4AF6A70052913B /* GPKGSTileTable.h */ = {isa = PBXFileReference; fileEncoding = 4; lastKnownFileType = sourcecode.c.h; path = GPKGSTileTable.h; sourceTree = "<group>"; };
		044648071B4AF6A70052913B /* GPKGSTileTable.m */ = {isa = PBXFileReference; fileEncoding = 4; lastKnownFileType = sourcecode.c.objc; path = GPKGSTileTable.m; sourceTree = "<group>"; };
		044648091B4AFC100052913B /* GPKGSDatabase.h */ = {isa = PBXFileReference; fileEncoding = 4; lastKnownFileType = sourcecode.c.h; path = GPKGSDatabase.h; sourceTree = "<group>"; };
		0446480A1B4AFC100052913B /* GPKGSDatabase.m */ = {isa = PBXFileReference; fileEncoding = 4; lastKnownFileType = sourcecode.c.objc; path = GPKGSDatabase.m; sourceTree = "<group>"; };
		0446480F1B4B1D960052913B /* GPKGSTableCell.h */ = {isa = PBXFileReference; fileEncoding = 4; lastKnownFileType = sourcecode.c.h; path = GPKGSTableCell.h; sourceTree = "<group>"; };
		044648101B4B1D960052913B /* GPKGSTableCell.m */ = {isa = PBXFileReference; fileEncoding = 4; lastKnownFileType = sourcecode.c.objc; path = GPKGSTableCell.m; sourceTree = "<group>"; };
		044648121B4B20950052913B /* GPKGSDatabaseCell.h */ = {isa = PBXFileReference; fileEncoding = 4; lastKnownFileType = sourcecode.c.h; path = GPKGSDatabaseCell.h; sourceTree = "<group>"; };
		044648131B4B20950052913B /* GPKGSDatabaseCell.m */ = {isa = PBXFileReference; fileEncoding = 4; lastKnownFileType = sourcecode.c.objc; path = GPKGSDatabaseCell.m; sourceTree = "<group>"; };
		044648181B4C24AD0052913B /* GPKGSActiveTableSwitch.h */ = {isa = PBXFileReference; fileEncoding = 4; lastKnownFileType = sourcecode.c.h; path = GPKGSActiveTableSwitch.h; sourceTree = "<group>"; };
		044648191B4C24AD0052913B /* GPKGSActiveTableSwitch.m */ = {isa = PBXFileReference; fileEncoding = 4; lastKnownFileType = sourcecode.c.objc; path = GPKGSActiveTableSwitch.m; sourceTree = "<group>"; };
		0446481C1B4C26DF0052913B /* GPKGSConstants.h */ = {isa = PBXFileReference; fileEncoding = 4; lastKnownFileType = sourcecode.c.h; path = GPKGSConstants.h; sourceTree = "<group>"; };
		0446481D1B4C26DF0052913B /* GPKGSConstants.m */ = {isa = PBXFileReference; fileEncoding = 4; lastKnownFileType = sourcecode.c.objc; path = GPKGSConstants.m; sourceTree = "<group>"; };
		044D6B491B627B0000527745 /* GPKGSLoadTilesTask.h */ = {isa = PBXFileReference; fileEncoding = 4; lastKnownFileType = sourcecode.c.h; path = GPKGSLoadTilesTask.h; sourceTree = "<group>"; };
		044D6B4A1B627B0000527745 /* GPKGSLoadTilesTask.m */ = {isa = PBXFileReference; fileEncoding = 4; lastKnownFileType = sourcecode.c.objc; path = GPKGSLoadTilesTask.m; sourceTree = "<group>"; };
		044D6B4C1B627B2200527745 /* GPKGSLoadTilesProtocol.h */ = {isa = PBXFileReference; fileEncoding = 4; lastKnownFileType = sourcecode.c.h; path = GPKGSLoadTilesProtocol.h; sourceTree = "<group>"; };
		045C94811B4FFE7E0005CCD0 /* GPKGSDisplayTextViewController.h */ = {isa = PBXFileReference; fileEncoding = 4; lastKnownFileType = sourcecode.c.h; path = GPKGSDisplayTextViewController.h; sourceTree = "<group>"; };
		045C94821B4FFE7E0005CCD0 /* GPKGSDisplayTextViewController.m */ = {isa = PBXFileReference; fileEncoding = 4; lastKnownFileType = sourcecode.c.objc; path = GPKGSDisplayTextViewController.m; sourceTree = "<group>"; };
		045C94841B50226D0005CCD0 /* GPKGSFeatureOverlayTable.h */ = {isa = PBXFileReference; fileEncoding = 4; lastKnownFileType = sourcecode.c.h; path = GPKGSFeatureOverlayTable.h; sourceTree = "<group>"; };
		045C94851B50226D0005CCD0 /* GPKGSFeatureOverlayTable.m */ = {isa = PBXFileReference; fileEncoding = 4; lastKnownFileType = sourcecode.c.objc; path = GPKGSFeatureOverlayTable.m; sourceTree = "<group>"; };
		045C94871B5026E00005CCD0 /* GPKGSDatabases.h */ = {isa = PBXFileReference; fileEncoding = 4; lastKnownFileType = sourcecode.c.h; path = GPKGSDatabases.h; sourceTree = "<group>"; };
		045C94881B5026E00005CCD0 /* GPKGSDatabases.m */ = {isa = PBXFileReference; fileEncoding = 4; lastKnownFileType = sourcecode.c.objc; path = GPKGSDatabases.m; sourceTree = "<group>"; };
		045C948B1B50789D0005CCD0 /* GPKGSMapView.h */ = {isa = PBXFileReference; fileEncoding = 4; lastKnownFileType = sourcecode.c.h; path = GPKGSMapView.h; sourceTree = "<group>"; };
		045C948C1B50789D0005CCD0 /* GPKGSMapView.m */ = {isa = PBXFileReference; fileEncoding = 4; lastKnownFileType = sourcecode.c.objc; path = GPKGSMapView.m; sourceTree = "<group>"; };
		045C948E1B53EEB80005CCD0 /* GPKGSMapViewController.h */ = {isa = PBXFileReference; fileEncoding = 4; lastKnownFileType = sourcecode.c.h; path = GPKGSMapViewController.h; sourceTree = "<group>"; };
		045C948F1B53EEB80005CCD0 /* GPKGSMapViewController.m */ = {isa = PBXFileReference; fileEncoding = 4; lastKnownFileType = sourcecode.c.objc; path = GPKGSMapViewController.m; sourceTree = "<group>"; };
		045C94921B56DF620005CCD0 /* GPKGSIndexerTask.h */ = {isa = PBXFileReference; fileEncoding = 4; lastKnownFileType = sourcecode.c.h; path = GPKGSIndexerTask.h; sourceTree = "<group>"; };
		045C94931B56DF620005CCD0 /* GPKGSIndexerTask.m */ = {isa = PBXFileReference; fileEncoding = 4; lastKnownFileType = sourcecode.c.objc; path = GPKGSIndexerTask.m; sourceTree = "<group>"; };
		045C94951B56E1050005CCD0 /* GPKGSIndexerProtocol.h */ = {isa = PBXFileReference; fileEncoding = 4; lastKnownFileType = sourcecode.c.h; path = GPKGSIndexerProtocol.h; sourceTree = "<group>"; };
		045C94961B5D384A0005CCD0 /* GPKGSCreateFeaturesViewController.h */ = {isa = PBXFileReference; fileEncoding = 4; lastKnownFileType = sourcecode.c.h; path = GPKGSCreateFeaturesViewController.h; sourceTree = "<group>"; };
		045C94971B5D384A0005CCD0 /* GPKGSCreateFeaturesViewController.m */ = {isa = PBXFileReference; fileEncoding = 4; lastKnownFileType = sourcecode.c.objc; path = GPKGSCreateFeaturesViewController.m; sourceTree = "<group>"; };
		045C94991B5D4C560005CCD0 /* GPKGSDecimalValidator.h */ = {isa = PBXFileReference; fileEncoding = 4; lastKnownFileType = sourcecode.c.h; path = GPKGSDecimalValidator.h; sourceTree = "<group>"; };
		045C949A1B5D4C560005CCD0 /* GPKGSDecimalValidator.m */ = {isa = PBXFileReference; fileEncoding = 4; lastKnownFileType = sourcecode.c.objc; path = GPKGSDecimalValidator.m; sourceTree = "<group>"; };
		045C94A71B5DA5C20005CCD0 /* GPKGSBoundingBoxViewController.h */ = {isa = PBXFileReference; fileEncoding = 4; lastKnownFileType = sourcecode.c.h; path = GPKGSBoundingBoxViewController.h; sourceTree = "<group>"; };
		045C94A81B5DA5C20005CCD0 /* GPKGSBoundingBoxViewController.m */ = {isa = PBXFileReference; fileEncoding = 4; lastKnownFileType = sourcecode.c.objc; path = GPKGSBoundingBoxViewController.m; sourceTree = "<group>"; };
		046877F61C68FE9400967470 /* GPKGSLinkedTablesViewController.h */ = {isa = PBXFileReference; fileEncoding = 4; lastKnownFileType = sourcecode.c.h; path = GPKGSLinkedTablesViewController.h; sourceTree = "<group>"; };
		046877F71C68FE9400967470 /* GPKGSLinkedTablesViewController.m */ = {isa = PBXFileReference; fileEncoding = 4; lastKnownFileType = sourcecode.c.objc; path = GPKGSLinkedTablesViewController.m; sourceTree = "<group>"; };
		047733BC1B4C371500E523BD /* GPKGSDatabaseOptionsButton.h */ = {isa = PBXFileReference; fileEncoding = 4; lastKnownFileType = sourcecode.c.h; path = GPKGSDatabaseOptionsButton.h; sourceTree = "<group>"; };
		047733BD1B4C371500E523BD /* GPKGSDatabaseOptionsButton.m */ = {isa = PBXFileReference; fileEncoding = 4; lastKnownFileType = sourcecode.c.objc; path = GPKGSDatabaseOptionsButton.m; sourceTree = "<group>"; };
		047733C21B4C3D1200E523BD /* GPKGSProperties.h */ = {isa = PBXFileReference; fileEncoding = 4; lastKnownFileType = sourcecode.c.h; path = GPKGSProperties.h; sourceTree = "<group>"; };
		047733C31B4C3D1200E523BD /* GPKGSProperties.m */ = {isa = PBXFileReference; fileEncoding = 4; lastKnownFileType = sourcecode.c.objc; path = GPKGSProperties.m; sourceTree = "<group>"; };
		047733C51B4C3E3400E523BD /* mapcache.plist */ = {isa = PBXFileReference; fileEncoding = 4; lastKnownFileType = text.plist.xml; path = mapcache.plist; sourceTree = "<group>"; };
		047733C71B4C496600E523BD /* GPKGSTableOptionsButton.h */ = {isa = PBXFileReference; fileEncoding = 4; lastKnownFileType = sourcecode.c.h; path = GPKGSTableOptionsButton.h; sourceTree = "<group>"; };
		047733C81B4C496600E523BD /* GPKGSTableOptionsButton.m */ = {isa = PBXFileReference; fileEncoding = 4; lastKnownFileType = sourcecode.c.objc; path = GPKGSTableOptionsButton.m; sourceTree = "<group>"; };
		048C212A1AFBCC9400EBC38B /* libsqlite3.dylib */ = {isa = PBXFileReference; lastKnownFileType = "compiled.mach-o.dylib"; name = libsqlite3.dylib; path = usr/lib/libsqlite3.dylib; sourceTree = SDKROOT; };
		04CCC85A1B5FF1830001296D /* GPKGSManagerCreateTilesViewController.h */ = {isa = PBXFileReference; fileEncoding = 4; lastKnownFileType = sourcecode.c.h; path = GPKGSManagerCreateTilesViewController.h; sourceTree = "<group>"; };
		04CCC85B1B5FF1830001296D /* GPKGSManagerCreateTilesViewController.m */ = {isa = PBXFileReference; fileEncoding = 4; lastKnownFileType = sourcecode.c.objc; path = GPKGSManagerCreateTilesViewController.m; sourceTree = "<group>"; };
		04CCC85D1B60225C0001296D /* GPKGSKeyboardConstraint.h */ = {isa = PBXFileReference; fileEncoding = 4; lastKnownFileType = sourcecode.c.h; path = GPKGSKeyboardConstraint.h; sourceTree = "<group>"; };
		04CCC85E1B60225C0001296D /* GPKGSKeyboardConstraint.m */ = {isa = PBXFileReference; fileEncoding = 4; lastKnownFileType = sourcecode.c.objc; path = GPKGSKeyboardConstraint.m; sourceTree = "<group>"; };
		04CCC8601B60232A0001296D /* GPKGSUIResponder+FirstResponder.h */ = {isa = PBXFileReference; fileEncoding = 4; lastKnownFileType = sourcecode.c.h; path = "GPKGSUIResponder+FirstResponder.h"; sourceTree = "<group>"; };
		04CCC8611B60232A0001296D /* GPKGSUIResponder+FirstResponder.m */ = {isa = PBXFileReference; fileEncoding = 4; lastKnownFileType = sourcecode.c.objc; path = "GPKGSUIResponder+FirstResponder.m"; sourceTree = "<group>"; };
		04CCC8631B61122A0001296D /* GPKGSGenerateTilesViewController.h */ = {isa = PBXFileReference; fileEncoding = 4; lastKnownFileType = sourcecode.c.h; path = GPKGSGenerateTilesViewController.h; sourceTree = "<group>"; };
		04CCC8641B61122A0001296D /* GPKGSGenerateTilesViewController.m */ = {isa = PBXFileReference; fileEncoding = 4; lastKnownFileType = sourcecode.c.objc; path = GPKGSGenerateTilesViewController.m; sourceTree = "<group>"; };
		04CCC8661B6114EE0001296D /* GPKGSGenerateTilesData.h */ = {isa = PBXFileReference; fileEncoding = 4; lastKnownFileType = sourcecode.c.h; path = GPKGSGenerateTilesData.h; sourceTree = "<group>"; };
		04CCC8671B6114EE0001296D /* GPKGSGenerateTilesData.m */ = {isa = PBXFileReference; fileEncoding = 4; lastKnownFileType = sourcecode.c.objc; path = GPKGSGenerateTilesData.m; sourceTree = "<group>"; };
		04CCC8691B6121E90001296D /* GPKGSLoadTilesViewController.h */ = {isa = PBXFileReference; fileEncoding = 4; lastKnownFileType = sourcecode.c.h; path = GPKGSLoadTilesViewController.h; sourceTree = "<group>"; };
		04CCC86A1B6121E90001296D /* GPKGSLoadTilesViewController.m */ = {isa = PBXFileReference; fileEncoding = 4; lastKnownFileType = sourcecode.c.objc; path = GPKGSLoadTilesViewController.m; sourceTree = "<group>"; };
		04CCC86C1B6122040001296D /* GPKGSLoadTilesData.h */ = {isa = PBXFileReference; fileEncoding = 4; lastKnownFileType = sourcecode.c.h; path = GPKGSLoadTilesData.h; sourceTree = "<group>"; };
		04CCC86D1B6122040001296D /* GPKGSLoadTilesData.m */ = {isa = PBXFileReference; fileEncoding = 4; lastKnownFileType = sourcecode.c.objc; path = GPKGSLoadTilesData.m; sourceTree = "<group>"; };
		04CCC86F1B6122480001296D /* GPKGSCreateTilesViewController.h */ = {isa = PBXFileReference; fileEncoding = 4; lastKnownFileType = sourcecode.c.h; path = GPKGSCreateTilesViewController.h; sourceTree = "<group>"; };
		04CCC8701B6122480001296D /* GPKGSCreateTilesViewController.m */ = {isa = PBXFileReference; fileEncoding = 4; lastKnownFileType = sourcecode.c.objc; path = GPKGSCreateTilesViewController.m; sourceTree = "<group>"; };
		04CCC8721B61228D0001296D /* GPKGSCreateTilesData.h */ = {isa = PBXFileReference; fileEncoding = 4; lastKnownFileType = sourcecode.c.h; path = GPKGSCreateTilesData.h; sourceTree = "<group>"; };
		04CCC8731B61228D0001296D /* GPKGSCreateTilesData.m */ = {isa = PBXFileReference; fileEncoding = 4; lastKnownFileType = sourcecode.c.objc; path = GPKGSCreateTilesData.m; sourceTree = "<group>"; };
		04DD108C1BD9443F00CC59A0 /* GPKGSTableIndex.h */ = {isa = PBXFileReference; fileEncoding = 4; lastKnownFileType = sourcecode.c.h; path = GPKGSTableIndex.h; sourceTree = "<group>"; };
		04DD108D1BD9443F00CC59A0 /* GPKGSTableIndex.m */ = {isa = PBXFileReference; fileEncoding = 4; lastKnownFileType = sourcecode.c.objc; path = GPKGSTableIndex.m; sourceTree = "<group>"; };
		04E0EE031B69112B0095E53E /* GPKGSAddTileOverlayViewController.h */ = {isa = PBXFileReference; fileEncoding = 4; lastKnownFileType = sourcecode.c.h; path = GPKGSAddTileOverlayViewController.h; sourceTree = "<group>"; };
		04E0EE041B69112B0095E53E /* GPKGSAddTileOverlayViewController.m */ = {isa = PBXFileReference; fileEncoding = 4; lastKnownFileType = sourcecode.c.objc; path = GPKGSAddTileOverlayViewController.m; sourceTree = "<group>"; };
		04E0EE061B6919D80095E53E /* GPKGSEditTileOverlayViewController.h */ = {isa = PBXFileReference; fileEncoding = 4; lastKnownFileType = sourcecode.c.h; path = GPKGSEditTileOverlayViewController.h; sourceTree = "<group>"; };
		04E0EE071B6919D80095E53E /* GPKGSEditTileOverlayViewController.m */ = {isa = PBXFileReference; fileEncoding = 4; lastKnownFileType = sourcecode.c.objc; path = GPKGSEditTileOverlayViewController.m; sourceTree = "<group>"; };
		04E0EE091B691A3C0095E53E /* GPKGSEditTileOverlayData.h */ = {isa = PBXFileReference; fileEncoding = 4; lastKnownFileType = sourcecode.c.h; path = GPKGSEditTileOverlayData.h; sourceTree = "<group>"; };
		04E0EE0A1B691A3C0095E53E /* GPKGSEditTileOverlayData.m */ = {isa = PBXFileReference; fileEncoding = 4; lastKnownFileType = sourcecode.c.objc; path = GPKGSEditTileOverlayData.m; sourceTree = "<group>"; };
		04E0EE0C1B691AD10095E53E /* GPKGSManagerEditTileOverlayViewController.h */ = {isa = PBXFileReference; fileEncoding = 4; lastKnownFileType = sourcecode.c.h; path = GPKGSManagerEditTileOverlayViewController.h; sourceTree = "<group>"; };
		04E0EE0D1B691AD10095E53E /* GPKGSManagerEditTileOverlayViewController.m */ = {isa = PBXFileReference; fileEncoding = 4; lastKnownFileType = sourcecode.c.objc; path = GPKGSManagerEditTileOverlayViewController.m; sourceTree = "<group>"; };
		04E1D8CB1B66814A002BD947 /* GPKGSManagerLoadTilesViewController.h */ = {isa = PBXFileReference; fileEncoding = 4; lastKnownFileType = sourcecode.c.h; path = GPKGSManagerLoadTilesViewController.h; sourceTree = "<group>"; };
		04E1D8CC1B66814A002BD947 /* GPKGSManagerLoadTilesViewController.m */ = {isa = PBXFileReference; fileEncoding = 4; lastKnownFileType = sourcecode.c.objc; path = GPKGSManagerLoadTilesViewController.m; sourceTree = "<group>"; };
		04E1D8CE1B66D366002BD947 /* GPKGSEditContentsViewController.h */ = {isa = PBXFileReference; fileEncoding = 4; lastKnownFileType = sourcecode.c.h; path = GPKGSEditContentsViewController.h; sourceTree = "<group>"; };
		04E1D8CF1B66D366002BD947 /* GPKGSEditContentsViewController.m */ = {isa = PBXFileReference; fileEncoding = 4; lastKnownFileType = sourcecode.c.objc; path = GPKGSEditContentsViewController.m; sourceTree = "<group>"; };
		04E1D8D11B66D41E002BD947 /* GPKGSEditFeaturesViewController.h */ = {isa = PBXFileReference; fileEncoding = 4; lastKnownFileType = sourcecode.c.h; path = GPKGSEditFeaturesViewController.h; sourceTree = "<group>"; };
		04E1D8D21B66D41E002BD947 /* GPKGSEditFeaturesViewController.m */ = {isa = PBXFileReference; fileEncoding = 4; lastKnownFileType = sourcecode.c.objc; path = GPKGSEditFeaturesViewController.m; sourceTree = "<group>"; };
		04E1D8D41B66D439002BD947 /* GPKGSEditTilesViewController.h */ = {isa = PBXFileReference; fileEncoding = 4; lastKnownFileType = sourcecode.c.h; path = GPKGSEditTilesViewController.h; sourceTree = "<group>"; };
		04E1D8D51B66D439002BD947 /* GPKGSEditTilesViewController.m */ = {isa = PBXFileReference; fileEncoding = 4; lastKnownFileType = sourcecode.c.objc; path = GPKGSEditTilesViewController.m; sourceTree = "<group>"; };
		04E1D8D71B66D4CA002BD947 /* GPKGSEditContentsData.h */ = {isa = PBXFileReference; fileEncoding = 4; lastKnownFileType = sourcecode.c.h; path = GPKGSEditContentsData.h; sourceTree = "<group>"; };
		04E1D8D81B66D4CA002BD947 /* GPKGSEditContentsData.m */ = {isa = PBXFileReference; fileEncoding = 4; lastKnownFileType = sourcecode.c.objc; path = GPKGSEditContentsData.m; sourceTree = "<group>"; };
		04E1D8DA1B682CF4002BD947 /* GPKGSFeatureTilesDrawViewController.h */ = {isa = PBXFileReference; fileEncoding = 4; lastKnownFileType = sourcecode.c.h; path = GPKGSFeatureTilesDrawViewController.h; sourceTree = "<group>"; };
		04E1D8DB1B682CF4002BD947 /* GPKGSFeatureTilesDrawViewController.m */ = {isa = PBXFileReference; fileEncoding = 4; lastKnownFileType = sourcecode.c.objc; path = GPKGSFeatureTilesDrawViewController.m; sourceTree = "<group>"; };
		04E1D8DD1B682D0F002BD947 /* GPKGSFeatureTilesDrawData.h */ = {isa = PBXFileReference; fileEncoding = 4; lastKnownFileType = sourcecode.c.h; path = GPKGSFeatureTilesDrawData.h; sourceTree = "<group>"; };
		04E1D8DE1B682D0F002BD947 /* GPKGSFeatureTilesDrawData.m */ = {isa = PBXFileReference; fileEncoding = 4; lastKnownFileType = sourcecode.c.objc; path = GPKGSFeatureTilesDrawData.m; sourceTree = "<group>"; };
		04E1D8E01B682D5D002BD947 /* GPKGSCreateFeatureTilesViewController.h */ = {isa = PBXFileReference; fileEncoding = 4; lastKnownFileType = sourcecode.c.h; path = GPKGSCreateFeatureTilesViewController.h; sourceTree = "<group>"; };
		04E1D8E11B682D5D002BD947 /* GPKGSCreateFeatureTilesViewController.m */ = {isa = PBXFileReference; fileEncoding = 4; lastKnownFileType = sourcecode.c.objc; path = GPKGSCreateFeatureTilesViewController.m; sourceTree = "<group>"; };
		317A64B2FA9FC9C408272041 /* Pods-mapcache-ios.release.xcconfig */ = {isa = PBXFileReference; includeInIndex = 1; lastKnownFileType = text.xcconfig; name = "Pods-mapcache-ios.release.xcconfig"; path = "Pods/Target Support Files/Pods-mapcache-ios/Pods-mapcache-ios.release.xcconfig"; sourceTree = "<group>"; };
		3C949BBDA5ECEE9FFAC05F51 /* libPods-mapcache-ios.a */ = {isa = PBXFileReference; explicitFileType = archive.ar; includeInIndex = 0; path = "libPods-mapcache-ios.a"; sourceTree = BUILT_PRODUCTS_DIR; };
		5EF2C0B086224981AE6EF48D /* Pods.debug.xcconfig */ = {isa = PBXFileReference; includeInIndex = 1; lastKnownFileType = text.xcconfig; name = Pods.debug.xcconfig; path = "Pods/Target Support Files/Pods/Pods.debug.xcconfig"; sourceTree = "<group>"; };
		C5C14A8A96D2279034BCA65B /* Pods.release.xcconfig */ = {isa = PBXFileReference; includeInIndex = 1; lastKnownFileType = text.xcconfig; name = Pods.release.xcconfig; path = "Pods/Target Support Files/Pods/Pods.release.xcconfig"; sourceTree = "<group>"; };
		C87B7FD45C393DE7D862CA13 /* Pods-mapcache-ios.debug.xcconfig */ = {isa = PBXFileReference; includeInIndex = 1; lastKnownFileType = text.xcconfig; name = "Pods-mapcache-ios.debug.xcconfig"; path = "Pods/Target Support Files/Pods-mapcache-ios/Pods-mapcache-ios.debug.xcconfig"; sourceTree = "<group>"; };
		E308FBC01FBE400500348577 /* SingleGeoPackageView.xib */ = {isa = PBXFileReference; lastKnownFileType = file.xib; path = SingleGeoPackageView.xib; sourceTree = "<group>"; };
		E308FBC41FBFA7CA00348577 /* GPKGSHeaderCellTableViewCell.h */ = {isa = PBXFileReference; lastKnownFileType = sourcecode.c.h; path = GPKGSHeaderCellTableViewCell.h; sourceTree = "<group>"; };
		E308FBC51FBFA7CA00348577 /* GPKGSHeaderCellTableViewCell.m */ = {isa = PBXFileReference; lastKnownFileType = sourcecode.c.objc; path = GPKGSHeaderCellTableViewCell.m; sourceTree = "<group>"; };
		E312A3361FAA416500C088FB /* GPKGSDownloadCoordinator.h */ = {isa = PBXFileReference; lastKnownFileType = sourcecode.c.h; path = GPKGSDownloadCoordinator.h; sourceTree = "<group>"; };
		E312A3371FAA416500C088FB /* GPKGSDownloadCoordinator.m */ = {isa = PBXFileReference; lastKnownFileType = sourcecode.c.objc; path = GPKGSDownloadCoordinator.m; sourceTree = "<group>"; };
		E33F55711FC4A1C000F252FD /* GPKGSSectionTitleCell.xib */ = {isa = PBXFileReference; lastKnownFileType = file.xib; path = GPKGSSectionTitleCell.xib; sourceTree = "<group>"; };
		E33F55731FC4A25500F252FD /* GPKGSSectionTitleCell.h */ = {isa = PBXFileReference; lastKnownFileType = sourcecode.c.h; path = GPKGSSectionTitleCell.h; sourceTree = "<group>"; };
		E33F55741FC4A25500F252FD /* GPKGSSectionTitleCell.m */ = {isa = PBXFileReference; lastKnownFileType = sourcecode.c.objc; path = GPKGSSectionTitleCell.m; sourceTree = "<group>"; };
		E33F55761FC4FEBD00F252FD /* GPKGSLayerCell.xib */ = {isa = PBXFileReference; lastKnownFileType = file.xib; path = GPKGSLayerCell.xib; sourceTree = "<group>"; };
		E33F55781FC4FF1E00F252FD /* GPKGSLayerCell.h */ = {isa = PBXFileReference; lastKnownFileType = sourcecode.c.h; path = GPKGSLayerCell.h; sourceTree = "<group>"; };
		E33F55791FC4FF1E00F252FD /* GPKGSLayerCell.m */ = {isa = PBXFileReference; lastKnownFileType = sourcecode.c.objc; path = GPKGSLayerCell.m; sourceTree = "<group>"; };
		E33F557B1FCC954B00F252FD /* GPKGSButtonCell.xib */ = {isa = PBXFileReference; lastKnownFileType = file.xib; path = GPKGSButtonCell.xib; sourceTree = "<group>"; };
		E33F557D1FCC956A00F252FD /* GPKGSButtonCell.h */ = {isa = PBXFileReference; lastKnownFileType = sourcecode.c.h; path = GPKGSButtonCell.h; sourceTree = "<group>"; };
		E33F557E1FCC956A00F252FD /* GPKGSButtonCell.m */ = {isa = PBXFileReference; lastKnownFileType = sourcecode.c.objc; path = GPKGSButtonCell.m; sourceTree = "<group>"; };
		E354EEDA2006B9B000B062BE /* GPKGSDescriptionCell.xib */ = {isa = PBXFileReference; lastKnownFileType = file.xib; path = GPKGSDescriptionCell.xib; sourceTree = "<group>"; };
		E354EEDC2006BB9500B062BE /* GPKGSDesctiptionCell.h */ = {isa = PBXFileReference; lastKnownFileType = sourcecode.c.h; path = GPKGSDesctiptionCell.h; sourceTree = "<group>"; };
		E354EEDD2006BB9500B062BE /* GPKGSDesctiptionCell.m */ = {isa = PBXFileReference; lastKnownFileType = sourcecode.c.objc; path = GPKGSDesctiptionCell.m; sourceTree = "<group>"; };
		E3A491FD1FA78A4C00FFE613 /* GPKGSManagerCoordinator.h */ = {isa = PBXFileReference; lastKnownFileType = sourcecode.c.h; path = GPKGSManagerCoordinator.h; sourceTree = "<group>"; };
		E3A491FE1FA78A4C00FFE613 /* GPKGSManagerCoordinator.m */ = {isa = PBXFileReference; lastKnownFileType = sourcecode.c.objc; path = GPKGSManagerCoordinator.m; sourceTree = "<group>"; };
		E3A492031FA952F200FFE613 /* GPKGSCoordinator.h */ = {isa = PBXFileReference; lastKnownFileType = sourcecode.c.h; path = GPKGSCoordinator.h; sourceTree = "<group>"; };
		E3A492041FA952F200FFE613 /* GPKGSCoordinator.m */ = {isa = PBXFileReference; lastKnownFileType = sourcecode.c.objc; path = GPKGSCoordinator.m; sourceTree = "<group>"; };
		E3A492091FA9538800FFE613 /* GPKGSGeopackageSingleViewController.h */ = {isa = PBXFileReference; lastKnownFileType = sourcecode.c.h; path = GPKGSGeopackageSingleViewController.h; sourceTree = "<group>"; };
		E3A4920A1FA9538800FFE613 /* GPKGSGeopackageSingleViewController.m */ = {isa = PBXFileReference; lastKnownFileType = sourcecode.c.objc; path = GPKGSGeopackageSingleViewController.m; sourceTree = "<group>"; };
		E3A4920C1FA9885B00FFE613 /* DownloadGeopackage.xib */ = {isa = PBXFileReference; lastKnownFileType = file.xib; path = DownloadGeopackage.xib; sourceTree = "<group>"; };
		E3A651A62003DDC800B8AB27 /* GPKGSCreateLayerViewController.h */ = {isa = PBXFileReference; lastKnownFileType = sourcecode.c.h; path = GPKGSCreateLayerViewController.h; sourceTree = "<group>"; };
		E3A651A72003DDC800B8AB27 /* GPKGSCreateLayerViewController.m */ = {isa = PBXFileReference; lastKnownFileType = sourcecode.c.objc; path = GPKGSCreateLayerViewController.m; sourceTree = "<group>"; };
		E3A651AA2003E1B700B8AB27 /* CreateLayerView.xib */ = {isa = PBXFileReference; lastKnownFileType = file.xib; path = CreateLayerView.xib; sourceTree = "<group>"; };
		E3A651AC2004407600B8AB27 /* GPKGSFieldWithTitleCell.xib */ = {isa = PBXFileReference; lastKnownFileType = file.xib; path = GPKGSFieldWithTitleCell.xib; sourceTree = "<group>"; };
		E3A651AE200563AF00B8AB27 /* GPKGSTileLayerDetailsViewController.h */ = {isa = PBXFileReference; lastKnownFileType = sourcecode.c.h; path = GPKGSTileLayerDetailsViewController.h; sourceTree = "<group>"; };
		E3A651AF200563AF00B8AB27 /* GPKGSTileLayerDetailsViewController.m */ = {isa = PBXFileReference; lastKnownFileType = sourcecode.c.objc; path = GPKGSTileLayerDetailsViewController.m; sourceTree = "<group>"; };
		E3A651B12005652400B8AB27 /* GPKGSFieldWithTitleCell.h */ = {isa = PBXFileReference; lastKnownFileType = sourcecode.c.h; path = GPKGSFieldWithTitleCell.h; sourceTree = "<group>"; };
		E3A651B22005652400B8AB27 /* GPKGSFieldWithTitleCell.m */ = {isa = PBXFileReference; lastKnownFileType = sourcecode.c.objc; path = GPKGSFieldWithTitleCell.m; sourceTree = "<group>"; };
		E3A674D11FFEE52500089211 /* GPKGSNewLayerViewController.h */ = {isa = PBXFileReference; lastKnownFileType = sourcecode.c.h; path = GPKGSNewLayerViewController.h; sourceTree = "<group>"; };
		E3A674D21FFEE52500089211 /* GPKGSNewLayerViewController.m */ = {isa = PBXFileReference; lastKnownFileType = sourcecode.c.objc; path = GPKGSNewLayerViewController.m; sourceTree = "<group>"; };
		E3B9753A1FB3DED400E33E0A /* GPKGSHeaderCellDisplay.xib */ = {isa = PBXFileReference; lastKnownFileType = file.xib; path = GPKGSHeaderCellDisplay.xib; sourceTree = "<group>"; };
/* End PBXFileReference section */

/* Begin PBXFrameworksBuildPhase section */
		0401366C1AF94FB200C92AFC /* Frameworks */ = {
			isa = PBXFrameworksBuildPhase;
			buildActionMask = 2147483647;
			files = (
				048C212B1AFBCC9400EBC38B /* libsqlite3.dylib in Frameworks */,
				CF52A7895D9F544D637D87A3 /* libPods-mapcache-ios.a in Frameworks */,
			);
			runOnlyForDeploymentPostprocessing = 0;
		};
		040136881AF94FB200C92AFC /* Frameworks */ = {
			isa = PBXFrameworksBuildPhase;
			buildActionMask = 2147483647;
			files = (
			);
			runOnlyForDeploymentPostprocessing = 0;
		};
/* End PBXFrameworksBuildPhase section */

/* Begin PBXGroup section */
		040136661AF94FB200C92AFC = {
			isa = PBXGroup;
			children = (
				040136711AF94FB200C92AFC /* mapcache-ios */,
				0401368E1AF94FB200C92AFC /* mapcache-iosTests */,
				040136701AF94FB200C92AFC /* Products */,
				C5D6DE3118DC6CC3BD7E852D /* Pods */,
				F92DE52400ADCEC8CC3BBB88 /* Frameworks */,
			);
			sourceTree = "<group>";
		};
		040136701AF94FB200C92AFC /* Products */ = {
			isa = PBXGroup;
			children = (
				0401366F1AF94FB200C92AFC /* mapcache-ios.app */,
				0401368B1AF94FB200C92AFC /* mapcache-iosTests.xctest */,
			);
			name = Products;
			sourceTree = "<group>";
		};
		040136711AF94FB200C92AFC /* mapcache-ios */ = {
			isa = PBXGroup;
			children = (
				044D6B481B627AB400527745 /* load */,
				045C949C1B5D89E80005CCD0 /* ui */,
				E3A492021FA952C100FFE613 /* geopackage */,
				045C94911B56DEFA0005CCD0 /* indexer */,
				045C948A1B50785B0005CCD0 /* map */,
				0446481B1B4C26BE0052913B /* util */,
				E3A492061FA9531E00FFE613 /* views */,
				044648161B4C20360052913B /* manager */,
				044648151B4C1A8D0052913B /* data */,
				040136761AF94FB200C92AFC /* AppDelegate.h */,
				040136771AF94FB200C92AFC /* AppDelegate.m */,
				0401367F1AF94FB200C92AFC /* Main.storyboard */,
				040136821AF94FB200C92AFC /* Images.xcassets */,
				040136841AF94FB200C92AFC /* LaunchScreen.xib */,
				040136721AF94FB200C92AFC /* Supporting Files */,
				047733C51B4C3E3400E523BD /* mapcache.plist */,
			);
			path = "mapcache-ios";
			sourceTree = "<group>";
		};
		040136721AF94FB200C92AFC /* Supporting Files */ = {
			isa = PBXGroup;
			children = (
				040136731AF94FB200C92AFC /* Info.plist */,
				040136741AF94FB200C92AFC /* main.m */,
			);
			name = "Supporting Files";
			sourceTree = "<group>";
		};
		0401368E1AF94FB200C92AFC /* mapcache-iosTests */ = {
			isa = PBXGroup;
			children = (
				040136911AF94FB200C92AFC /* mapcache_iosTests.m */,
				0401368F1AF94FB200C92AFC /* Supporting Files */,
			);
			path = "mapcache-iosTests";
			sourceTree = "<group>";
		};
		0401368F1AF94FB200C92AFC /* Supporting Files */ = {
			isa = PBXGroup;
			children = (
				040136901AF94FB200C92AFC /* Info.plist */,
			);
			name = "Supporting Files";
			sourceTree = "<group>";
		};
		044648151B4C1A8D0052913B /* data */ = {
			isa = PBXGroup;
			children = (
				044647FD1B4AF3870052913B /* GPKGSTable.h */,
				044647FE1B4AF3870052913B /* GPKGSTable.m */,
				044648001B4AF4250052913B /* GPKGSTableTypes.h */,
				044648011B4AF4250052913B /* GPKGSTableTypes.m */,
				044648031B4AF6990052913B /* GPKGSFeatureTable.h */,
				044648041B4AF6990052913B /* GPKGSFeatureTable.m */,
				044648061B4AF6A70052913B /* GPKGSTileTable.h */,
				044648071B4AF6A70052913B /* GPKGSTileTable.m */,
				044648091B4AFC100052913B /* GPKGSDatabase.h */,
				0446480A1B4AFC100052913B /* GPKGSDatabase.m */,
				045C94841B50226D0005CCD0 /* GPKGSFeatureOverlayTable.h */,
				045C94851B50226D0005CCD0 /* GPKGSFeatureOverlayTable.m */,
				045C94871B5026E00005CCD0 /* GPKGSDatabases.h */,
				045C94881B5026E00005CCD0 /* GPKGSDatabases.m */,
				04DD108C1BD9443F00CC59A0 /* GPKGSTableIndex.h */,
				04DD108D1BD9443F00CC59A0 /* GPKGSTableIndex.m */,
			);
			path = data;
			sourceTree = "<group>";
		};
		044648161B4C20360052913B /* manager */ = {
			isa = PBXGroup;
			children = (
				044647FA1B4AD1C00052913B /* GPKGSManagerViewController.h */,
				044647FB1B4AD1C00052913B /* GPKGSManagerViewController.m */,
				0446480F1B4B1D960052913B /* GPKGSTableCell.h */,
				044648101B4B1D960052913B /* GPKGSTableCell.m */,
				044648121B4B20950052913B /* GPKGSDatabaseCell.h */,
				044648131B4B20950052913B /* GPKGSDatabaseCell.m */,
				044648181B4C24AD0052913B /* GPKGSActiveTableSwitch.h */,
				044648191B4C24AD0052913B /* GPKGSActiveTableSwitch.m */,
				047733BC1B4C371500E523BD /* GPKGSDatabaseOptionsButton.h */,
				047733BD1B4C371500E523BD /* GPKGSDatabaseOptionsButton.m */,
				047733C71B4C496600E523BD /* GPKGSTableOptionsButton.h */,
				047733C81B4C496600E523BD /* GPKGSTableOptionsButton.m */,
				04082B511B4EBE6F00D65E6B /* GPKGSDownloadFileViewController.h */,
				04082B521B4EBE6F00D65E6B /* GPKGSDownloadFileViewController.m */,
				045C94811B4FFE7E0005CCD0 /* GPKGSDisplayTextViewController.h */,
				045C94821B4FFE7E0005CCD0 /* GPKGSDisplayTextViewController.m */,
				045C94961B5D384A0005CCD0 /* GPKGSCreateFeaturesViewController.h */,
				045C94971B5D384A0005CCD0 /* GPKGSCreateFeaturesViewController.m */,
				04CCC85A1B5FF1830001296D /* GPKGSManagerCreateTilesViewController.h */,
				04CCC85B1B5FF1830001296D /* GPKGSManagerCreateTilesViewController.m */,
				04E1D8CB1B66814A002BD947 /* GPKGSManagerLoadTilesViewController.h */,
				04E1D8CC1B66814A002BD947 /* GPKGSManagerLoadTilesViewController.m */,
				04E1D8D11B66D41E002BD947 /* GPKGSEditFeaturesViewController.h */,
				04E1D8D21B66D41E002BD947 /* GPKGSEditFeaturesViewController.m */,
				04E1D8D41B66D439002BD947 /* GPKGSEditTilesViewController.h */,
				04E1D8D51B66D439002BD947 /* GPKGSEditTilesViewController.m */,
				04E1D8E01B682D5D002BD947 /* GPKGSCreateFeatureTilesViewController.h */,
				04E1D8E11B682D5D002BD947 /* GPKGSCreateFeatureTilesViewController.m */,
				04E0EE031B69112B0095E53E /* GPKGSAddTileOverlayViewController.h */,
				04E0EE041B69112B0095E53E /* GPKGSAddTileOverlayViewController.m */,
				04E0EE0C1B691AD10095E53E /* GPKGSManagerEditTileOverlayViewController.h */,
				04E0EE0D1B691AD10095E53E /* GPKGSManagerEditTileOverlayViewController.m */,
				046877F61C68FE9400967470 /* GPKGSLinkedTablesViewController.h */,
				046877F71C68FE9400967470 /* GPKGSLinkedTablesViewController.m */,
				E3A491FD1FA78A4C00FFE613 /* GPKGSManagerCoordinator.h */,
				E3A491FE1FA78A4C00FFE613 /* GPKGSManagerCoordinator.m */,
			);
			path = manager;
			sourceTree = "<group>";
		};
		0446481B1B4C26BE0052913B /* util */ = {
			isa = PBXGroup;
			children = (
				0446481C1B4C26DF0052913B /* GPKGSConstants.h */,
				0446481D1B4C26DF0052913B /* GPKGSConstants.m */,
				047733C21B4C3D1200E523BD /* GPKGSProperties.h */,
				047733C31B4C3D1200E523BD /* GPKGSProperties.m */,
				04082B541B4F18A000D65E6B /* GPKGSUtils.h */,
				04082B551B4F18A000D65E6B /* GPKGSUtils.m */,
				045C94991B5D4C560005CCD0 /* GPKGSDecimalValidator.h */,
				045C949A1B5D4C560005CCD0 /* GPKGSDecimalValidator.m */,
			);
			path = util;
			sourceTree = "<group>";
		};
		044D6B481B627AB400527745 /* load */ = {
			isa = PBXGroup;
			children = (
				044D6B491B627B0000527745 /* GPKGSLoadTilesTask.h */,
				044D6B4A1B627B0000527745 /* GPKGSLoadTilesTask.m */,
				044D6B4C1B627B2200527745 /* GPKGSLoadTilesProtocol.h */,
			);
			path = load;
			sourceTree = "<group>";
		};
		045C948A1B50785B0005CCD0 /* map */ = {
			isa = PBXGroup;
			children = (
				045C948B1B50789D0005CCD0 /* GPKGSMapView.h */,
				045C948C1B50789D0005CCD0 /* GPKGSMapView.m */,
				045C948E1B53EEB80005CCD0 /* GPKGSMapViewController.h */,
				045C948F1B53EEB80005CCD0 /* GPKGSMapViewController.m */,
				043A45801B79442C001B8FC5 /* GPKGSDownloadTilesViewController.h */,
				043A45811B79442C001B8FC5 /* GPKGSDownloadTilesViewController.m */,
				043A45831B7A54C2001B8FC5 /* GPKGSSelectFeatureTableViewController.h */,
				043A45841B7A54C2001B8FC5 /* GPKGSSelectFeatureTableViewController.m */,
				043A45891B7E21E3001B8FC5 /* GPKGSMapPointData.h */,
				043A458A1B7E21E3001B8FC5 /* GPKGSMapPointData.m */,
				043A458F1B7E63C1001B8FC5 /* GPKGSEditTypes.h */,
				043A45901B7E63C1001B8FC5 /* GPKGSEditTypes.m */,
				043A45961B83B4AB001B8FC5 /* GPGKSMapPointInitializer.h */,
				043A45971B83B4AB001B8FC5 /* GPGKSMapPointInitializer.m */,
				043A459C1B84AA5D001B8FC5 /* GPKGSMapPointDataTypes.h */,
				043A459D1B84AA5D001B8FC5 /* GPKGSMapPointDataTypes.m */,
			);
			path = map;
			sourceTree = "<group>";
		};
		045C94911B56DEFA0005CCD0 /* indexer */ = {
			isa = PBXGroup;
			children = (
				045C94921B56DF620005CCD0 /* GPKGSIndexerTask.h */,
				045C94931B56DF620005CCD0 /* GPKGSIndexerTask.m */,
				045C94951B56E1050005CCD0 /* GPKGSIndexerProtocol.h */,
			);
			path = indexer;
			sourceTree = "<group>";
		};
		045C949C1B5D89E80005CCD0 /* ui */ = {
			isa = PBXGroup;
			children = (
				045C94A71B5DA5C20005CCD0 /* GPKGSBoundingBoxViewController.h */,
				045C94A81B5DA5C20005CCD0 /* GPKGSBoundingBoxViewController.m */,
				04CCC85D1B60225C0001296D /* GPKGSKeyboardConstraint.h */,
				04CCC85E1B60225C0001296D /* GPKGSKeyboardConstraint.m */,
				04CCC8601B60232A0001296D /* GPKGSUIResponder+FirstResponder.h */,
				04CCC8611B60232A0001296D /* GPKGSUIResponder+FirstResponder.m */,
				04CCC8631B61122A0001296D /* GPKGSGenerateTilesViewController.h */,
				04CCC8641B61122A0001296D /* GPKGSGenerateTilesViewController.m */,
				04CCC8661B6114EE0001296D /* GPKGSGenerateTilesData.h */,
				04CCC8671B6114EE0001296D /* GPKGSGenerateTilesData.m */,
				04CCC8691B6121E90001296D /* GPKGSLoadTilesViewController.h */,
				04CCC86A1B6121E90001296D /* GPKGSLoadTilesViewController.m */,
				04CCC86C1B6122040001296D /* GPKGSLoadTilesData.h */,
				04CCC86D1B6122040001296D /* GPKGSLoadTilesData.m */,
				04CCC86F1B6122480001296D /* GPKGSCreateTilesViewController.h */,
				04CCC8701B6122480001296D /* GPKGSCreateTilesViewController.m */,
				04CCC8721B61228D0001296D /* GPKGSCreateTilesData.h */,
				04CCC8731B61228D0001296D /* GPKGSCreateTilesData.m */,
				04E1D8CE1B66D366002BD947 /* GPKGSEditContentsViewController.h */,
				04E1D8CF1B66D366002BD947 /* GPKGSEditContentsViewController.m */,
				04E1D8D71B66D4CA002BD947 /* GPKGSEditContentsData.h */,
				04E1D8D81B66D4CA002BD947 /* GPKGSEditContentsData.m */,
				04E1D8DA1B682CF4002BD947 /* GPKGSFeatureTilesDrawViewController.h */,
				04E1D8DB1B682CF4002BD947 /* GPKGSFeatureTilesDrawViewController.m */,
				04E1D8DD1B682D0F002BD947 /* GPKGSFeatureTilesDrawData.h */,
				04E1D8DE1B682D0F002BD947 /* GPKGSFeatureTilesDrawData.m */,
				04E0EE061B6919D80095E53E /* GPKGSEditTileOverlayViewController.h */,
				04E0EE071B6919D80095E53E /* GPKGSEditTileOverlayViewController.m */,
				04E0EE091B691A3C0095E53E /* GPKGSEditTileOverlayData.h */,
				04E0EE0A1B691A3C0095E53E /* GPKGSEditTileOverlayData.m */,
			);
			path = ui;
			sourceTree = "<group>";
		};
		C5D6DE3118DC6CC3BD7E852D /* Pods */ = {
			isa = PBXGroup;
			children = (
				5EF2C0B086224981AE6EF48D /* Pods.debug.xcconfig */,
				C5C14A8A96D2279034BCA65B /* Pods.release.xcconfig */,
				C87B7FD45C393DE7D862CA13 /* Pods-mapcache-ios.debug.xcconfig */,
				317A64B2FA9FC9C408272041 /* Pods-mapcache-ios.release.xcconfig */,
			);
			name = Pods;
			sourceTree = "<group>";
		};
		E308FBC31FBFA77F00348577 /* cells */ = {
			isa = PBXGroup;
			children = (
				E308FBC41FBFA7CA00348577 /* GPKGSHeaderCellTableViewCell.h */,
				E308FBC51FBFA7CA00348577 /* GPKGSHeaderCellTableViewCell.m */,
				E33F55731FC4A25500F252FD /* GPKGSSectionTitleCell.h */,
				E33F55741FC4A25500F252FD /* GPKGSSectionTitleCell.m */,
				E33F55781FC4FF1E00F252FD /* GPKGSLayerCell.h */,
				E33F55791FC4FF1E00F252FD /* GPKGSLayerCell.m */,
				E33F557D1FCC956A00F252FD /* GPKGSButtonCell.h */,
				E33F557E1FCC956A00F252FD /* GPKGSButtonCell.m */,
				E3A651B12005652400B8AB27 /* GPKGSFieldWithTitleCell.h */,
				E3A651B22005652400B8AB27 /* GPKGSFieldWithTitleCell.m */,
				E354EEDC2006BB9500B062BE /* GPKGSDesctiptionCell.h */,
				E354EEDD2006BB9500B062BE /* GPKGSDesctiptionCell.m */,
			);
			path = cells;
			sourceTree = "<group>";
		};
		E3A492021FA952C100FFE613 /* geopackage */ = {
			isa = PBXGroup;
			children = (
				E308FBC31FBFA77F00348577 /* cells */,
				E3A6519F2003DA2D00B8AB27 /* NewLayerWizard */,
				E3A492031FA952F200FFE613 /* GPKGSCoordinator.h */,
				E3A492041FA952F200FFE613 /* GPKGSCoordinator.m */,
				E3A492091FA9538800FFE613 /* GPKGSGeopackageSingleViewController.h */,
				E3A4920A1FA9538800FFE613 /* GPKGSGeopackageSingleViewController.m */,
				E312A3361FAA416500C088FB /* GPKGSDownloadCoordinator.h */,
				E312A3371FAA416500C088FB /* GPKGSDownloadCoordinator.m */,
			);
			path = geopackage;
			sourceTree = "<group>";
		};
		E3A492061FA9531E00FFE613 /* views */ = {
			isa = PBXGroup;
			children = (
				E3B975381FB3DE8800E33E0A /* DisplayCells */,
				E3B975391FB3DE8900E33E0A /* EditCells */,
				E3A651A92003DDE800B8AB27 /* NewLayerWizard */,
				E3A4920C1FA9885B00FFE613 /* DownloadGeopackage.xib */,
				E308FBC01FBE400500348577 /* SingleGeoPackageView.xib */,
			);
			path = views;
			sourceTree = "<group>";
		};
		E3A6519F2003DA2D00B8AB27 /* NewLayerWizard */ = {
			isa = PBXGroup;
			children = (
				E3A651A62003DDC800B8AB27 /* GPKGSCreateLayerViewController.h */,
				E3A651A72003DDC800B8AB27 /* GPKGSCreateLayerViewController.m */,
				E3A651AE200563AF00B8AB27 /* GPKGSTileLayerDetailsViewController.h */,
				E3A651AF200563AF00B8AB27 /* GPKGSTileLayerDetailsViewController.m */,
				E3A674D11FFEE52500089211 /* GPKGSNewLayerViewController.h */,
				E3A674D21FFEE52500089211 /* GPKGSNewLayerViewController.m */,
			);
			path = NewLayerWizard;
			sourceTree = "<group>";
		};
		E3A651A92003DDE800B8AB27 /* NewLayerWizard */ = {
			isa = PBXGroup;
			children = (
				E3A651AA2003E1B700B8AB27 /* CreateLayerView.xib */,
			);
			name = NewLayerWizard;
			path = "mapcache-ios/views/NewLayerWizard";
			sourceTree = SOURCE_ROOT;
		};
		E3B975381FB3DE8800E33E0A /* DisplayCells */ = {
			isa = PBXGroup;
			children = (
				E3B9753A1FB3DED400E33E0A /* GPKGSHeaderCellDisplay.xib */,
				E33F55711FC4A1C000F252FD /* GPKGSSectionTitleCell.xib */,
				E33F55761FC4FEBD00F252FD /* GPKGSLayerCell.xib */,
				E33F557B1FCC954B00F252FD /* GPKGSButtonCell.xib */,
				E354EEDA2006B9B000B062BE /* GPKGSDescriptionCell.xib */,
			);
			path = DisplayCells;
			sourceTree = "<group>";
		};
		E3B975391FB3DE8900E33E0A /* EditCells */ = {
			isa = PBXGroup;
			children = (
				E3A651AC2004407600B8AB27 /* GPKGSFieldWithTitleCell.xib */,
			);
			path = EditCells;
			sourceTree = "<group>";
		};
		F92DE52400ADCEC8CC3BBB88 /* Frameworks */ = {
			isa = PBXGroup;
			children = (
				048C212A1AFBCC9400EBC38B /* libsqlite3.dylib */,
				02FF687C0F94F922C6DBA093 /* libPods.a */,
				3C949BBDA5ECEE9FFAC05F51 /* libPods-mapcache-ios.a */,
			);
			name = Frameworks;
			sourceTree = "<group>";
		};
/* End PBXGroup section */

/* Begin PBXNativeTarget section */
		0401366E1AF94FB200C92AFC /* mapcache-ios */ = {
			isa = PBXNativeTarget;
			buildConfigurationList = 040136951AF94FB200C92AFC /* Build configuration list for PBXNativeTarget "mapcache-ios" */;
			buildPhases = (
				C8B98BBB41597A0D3F25DE44 /* [CP] Check Pods Manifest.lock */,
				0401366B1AF94FB200C92AFC /* Sources */,
				0401366C1AF94FB200C92AFC /* Frameworks */,
				0401366D1AF94FB200C92AFC /* Resources */,
				D51B2B27AB5CBB199555A59F /* [CP] Copy Pods Resources */,
				77B9225F6CCDAD7855AE57C5 /* [CP] Embed Pods Frameworks */,
			);
			buildRules = (
			);
			dependencies = (
			);
			name = "mapcache-ios";
			productName = "mapcache-ios";
			productReference = 0401366F1AF94FB200C92AFC /* mapcache-ios.app */;
			productType = "com.apple.product-type.application";
		};
		0401368A1AF94FB200C92AFC /* mapcache-iosTests */ = {
			isa = PBXNativeTarget;
			buildConfigurationList = 040136981AF94FB200C92AFC /* Build configuration list for PBXNativeTarget "mapcache-iosTests" */;
			buildPhases = (
				040136871AF94FB200C92AFC /* Sources */,
				040136881AF94FB200C92AFC /* Frameworks */,
				040136891AF94FB200C92AFC /* Resources */,
			);
			buildRules = (
			);
			dependencies = (
				0401368D1AF94FB200C92AFC /* PBXTargetDependency */,
			);
			name = "mapcache-iosTests";
			productName = "mapcache-iosTests";
			productReference = 0401368B1AF94FB200C92AFC /* mapcache-iosTests.xctest */;
			productType = "com.apple.product-type.bundle.unit-test";
		};
/* End PBXNativeTarget section */

/* Begin PBXProject section */
		040136671AF94FB200C92AFC /* Project object */ = {
			isa = PBXProject;
			attributes = {
				LastUpgradeCheck = 0630;
				ORGANIZATIONNAME = NGA;
				TargetAttributes = {
					0401366E1AF94FB200C92AFC = {
						CreatedOnToolsVersion = 6.3.1;
						DevelopmentTeam = KBKX8X5SZ7;
					};
					0401368A1AF94FB200C92AFC = {
						CreatedOnToolsVersion = 6.3.1;
						TestTargetID = 0401366E1AF94FB200C92AFC;
					};
				};
			};
			buildConfigurationList = 0401366A1AF94FB200C92AFC /* Build configuration list for PBXProject "mapcache-ios" */;
			compatibilityVersion = "Xcode 3.2";
			developmentRegion = English;
			hasScannedForEncodings = 0;
			knownRegions = (
				en,
				Base,
			);
			mainGroup = 040136661AF94FB200C92AFC;
			productRefGroup = 040136701AF94FB200C92AFC /* Products */;
			projectDirPath = "";
			projectRoot = "";
			targets = (
				0401366E1AF94FB200C92AFC /* mapcache-ios */,
				0401368A1AF94FB200C92AFC /* mapcache-iosTests */,
			);
		};
/* End PBXProject section */

/* Begin PBXResourcesBuildPhase section */
		0401366D1AF94FB200C92AFC /* Resources */ = {
			isa = PBXResourcesBuildPhase;
			buildActionMask = 2147483647;
			files = (
				E3B9753B1FB3DED400E33E0A /* GPKGSHeaderCellDisplay.xib in Resources */,
				E354EEDB2006B9B000B062BE /* GPKGSDescriptionCell.xib in Resources */,
				E33F55771FC4FEBD00F252FD /* GPKGSLayerCell.xib in Resources */,
				E3A651AD2004407600B8AB27 /* GPKGSFieldWithTitleCell.xib in Resources */,
				E33F557C1FCC954B00F252FD /* GPKGSButtonCell.xib in Resources */,
				047733C61B4C3E3400E523BD /* mapcache.plist in Resources */,
				040136811AF94FB200C92AFC /* Main.storyboard in Resources */,
				E3A651AB2003E1B700B8AB27 /* CreateLayerView.xib in Resources */,
				E308FBC11FBE400500348577 /* SingleGeoPackageView.xib in Resources */,
				040136861AF94FB200C92AFC /* LaunchScreen.xib in Resources */,
				E33F55721FC4A1C000F252FD /* GPKGSSectionTitleCell.xib in Resources */,
				E3A4920D1FA9885B00FFE613 /* DownloadGeopackage.xib in Resources */,
				040136831AF94FB200C92AFC /* Images.xcassets in Resources */,
			);
			runOnlyForDeploymentPostprocessing = 0;
		};
		040136891AF94FB200C92AFC /* Resources */ = {
			isa = PBXResourcesBuildPhase;
			buildActionMask = 2147483647;
			files = (
			);
			runOnlyForDeploymentPostprocessing = 0;
		};
/* End PBXResourcesBuildPhase section */

/* Begin PBXShellScriptBuildPhase section */
		77B9225F6CCDAD7855AE57C5 /* [CP] Embed Pods Frameworks */ = {
			isa = PBXShellScriptBuildPhase;
			buildActionMask = 2147483647;
			files = (
			);
			inputPaths = (
			);
			name = "[CP] Embed Pods Frameworks";
			outputPaths = (
			);
			runOnlyForDeploymentPostprocessing = 0;
			shellPath = /bin/sh;
			shellScript = "\"${SRCROOT}/Pods/Target Support Files/Pods-mapcache-ios/Pods-mapcache-ios-frameworks.sh\"\n";
			showEnvVarsInLog = 0;
		};
		C8B98BBB41597A0D3F25DE44 /* [CP] Check Pods Manifest.lock */ = {
			isa = PBXShellScriptBuildPhase;
			buildActionMask = 2147483647;
			files = (
			);
			inputPaths = (
				"${PODS_PODFILE_DIR_PATH}/Podfile.lock",
				"${PODS_ROOT}/Manifest.lock",
			);
			name = "[CP] Check Pods Manifest.lock";
			outputPaths = (
				"$(DERIVED_FILE_DIR)/Pods-mapcache-ios-checkManifestLockResult.txt",
			);
			runOnlyForDeploymentPostprocessing = 0;
			shellPath = /bin/sh;
			shellScript = "diff \"${PODS_PODFILE_DIR_PATH}/Podfile.lock\" \"${PODS_ROOT}/Manifest.lock\" > /dev/null\nif [ $? != 0 ] ; then\n    # print error to STDERR\n    echo \"error: The sandbox is not in sync with the Podfile.lock. Run 'pod install' or update your CocoaPods installation.\" >&2\n    exit 1\nfi\n# This output is used by Xcode 'outputs' to avoid re-running this script phase.\necho \"SUCCESS\" > \"${SCRIPT_OUTPUT_FILE_0}\"\n";
			showEnvVarsInLog = 0;
		};
		D51B2B27AB5CBB199555A59F /* [CP] Copy Pods Resources */ = {
			isa = PBXShellScriptBuildPhase;
			buildActionMask = 2147483647;
			files = (
			);
			inputPaths = (
				"${SRCROOT}/Pods/Target Support Files/Pods-mapcache-ios/Pods-mapcache-ios-resources.sh",
				"$PODS_CONFIGURATION_BUILD_DIR/geopackage-ios/GeoPackage.bundle",
				"$PODS_CONFIGURATION_BUILD_DIR/tiff-ios/TIFF.bundle",
				"$PODS_CONFIGURATION_BUILD_DIR/wkb-ios/WKB.bundle",
			);
			name = "[CP] Copy Pods Resources";
			outputPaths = (
				"${TARGET_BUILD_DIR}/${UNLOCALIZED_RESOURCES_FOLDER_PATH}",
			);
			runOnlyForDeploymentPostprocessing = 0;
			shellPath = /bin/sh;
			shellScript = "\"${SRCROOT}/Pods/Target Support Files/Pods-mapcache-ios/Pods-mapcache-ios-resources.sh\"\n";
			showEnvVarsInLog = 0;
		};
/* End PBXShellScriptBuildPhase section */

/* Begin PBXSourcesBuildPhase section */
		0401366B1AF94FB200C92AFC /* Sources */ = {
			isa = PBXSourcesBuildPhase;
			buildActionMask = 2147483647;
			files = (
				04E1D8CD1B66814A002BD947 /* GPKGSManagerLoadTilesViewController.m in Sources */,
				E354EEDE2006BB9500B062BE /* GPKGSDesctiptionCell.m in Sources */,
				043A45851B7A54C2001B8FC5 /* GPKGSSelectFeatureTableViewController.m in Sources */,
				045C94901B53EEB80005CCD0 /* GPKGSMapViewController.m in Sources */,
				04E0EE0E1B691AD10095E53E /* GPKGSManagerEditTileOverlayViewController.m in Sources */,
				E308FBC61FBFA7CA00348577 /* GPKGSHeaderCellTableViewCell.m in Sources */,
				043A458B1B7E21E3001B8FC5 /* GPKGSMapPointData.m in Sources */,
				045C94941B56DF620005CCD0 /* GPKGSIndexerTask.m in Sources */,
				047733C91B4C496600E523BD /* GPKGSTableOptionsButton.m in Sources */,
				04E1D8DF1B682D0F002BD947 /* GPKGSFeatureTilesDrawData.m in Sources */,
				043A459E1B84AA5D001B8FC5 /* GPKGSMapPointDataTypes.m in Sources */,
				E3A4920B1FA9538800FFE613 /* GPKGSGeopackageSingleViewController.m in Sources */,
				E3A674D31FFEE52500089211 /* GPKGSNewLayerViewController.m in Sources */,
				E33F55751FC4A25500F252FD /* GPKGSSectionTitleCell.m in Sources */,
				044647FC1B4AD1C00052913B /* GPKGSManagerViewController.m in Sources */,
				045C94A91B5DA5C20005CCD0 /* GPKGSBoundingBoxViewController.m in Sources */,
				043A45981B83B4AB001B8FC5 /* GPGKSMapPointInitializer.m in Sources */,
				04E1D8DC1B682CF4002BD947 /* GPKGSFeatureTilesDrawViewController.m in Sources */,
				0446481A1B4C24AD0052913B /* GPKGSActiveTableSwitch.m in Sources */,
				E3A651B32005652400B8AB27 /* GPKGSFieldWithTitleCell.m in Sources */,
				04E0EE0B1B691A3C0095E53E /* GPKGSEditTileOverlayData.m in Sources */,
				045C94891B5026E00005CCD0 /* GPKGSDatabases.m in Sources */,
				044D6B4B1B627B0000527745 /* GPKGSLoadTilesTask.m in Sources */,
				04CCC8681B6114EE0001296D /* GPKGSGenerateTilesData.m in Sources */,
				04DD108E1BD9443F00CC59A0 /* GPKGSTableIndex.m in Sources */,
				04082B531B4EBE6F00D65E6B /* GPKGSDownloadFileViewController.m in Sources */,
				04E1D8D61B66D439002BD947 /* GPKGSEditTilesViewController.m in Sources */,
				04E1D8E21B682D5D002BD947 /* GPKGSCreateFeatureTilesViewController.m in Sources */,
				04CCC8651B61122A0001296D /* GPKGSGenerateTilesViewController.m in Sources */,
				044648081B4AF6A70052913B /* GPKGSTileTable.m in Sources */,
				047733C41B4C3D1200E523BD /* GPKGSProperties.m in Sources */,
				E33F557A1FC4FF1E00F252FD /* GPKGSLayerCell.m in Sources */,
				E3A492051FA952F200FFE613 /* GPKGSCoordinator.m in Sources */,
				0446481E1B4C26DF0052913B /* GPKGSConstants.m in Sources */,
				E3A651A82003DDC800B8AB27 /* GPKGSCreateLayerViewController.m in Sources */,
				04CCC8711B6122480001296D /* GPKGSCreateTilesViewController.m in Sources */,
				046877F81C68FE9400967470 /* GPKGSLinkedTablesViewController.m in Sources */,
				04CCC85C1B5FF1830001296D /* GPKGSManagerCreateTilesViewController.m in Sources */,
				047733BE1B4C371500E523BD /* GPKGSDatabaseOptionsButton.m in Sources */,
				044647FF1B4AF3870052913B /* GPKGSTable.m in Sources */,
				E33F557F1FCC956A00F252FD /* GPKGSButtonCell.m in Sources */,
				04CCC85F1B60225C0001296D /* GPKGSKeyboardConstraint.m in Sources */,
				040136781AF94FB200C92AFC /* AppDelegate.m in Sources */,
				04E1D8D01B66D366002BD947 /* GPKGSEditContentsViewController.m in Sources */,
				044648021B4AF4250052913B /* GPKGSTableTypes.m in Sources */,
				045C948D1B50789D0005CCD0 /* GPKGSMapView.m in Sources */,
				E3A491FF1FA78A4C00FFE613 /* GPKGSManagerCoordinator.m in Sources */,
				045C949B1B5D4C560005CCD0 /* GPKGSDecimalValidator.m in Sources */,
				04CCC86B1B6121E90001296D /* GPKGSLoadTilesViewController.m in Sources */,
				04CCC8621B60232A0001296D /* GPKGSUIResponder+FirstResponder.m in Sources */,
				044648111B4B1D960052913B /* GPKGSTableCell.m in Sources */,
				04CCC86E1B6122040001296D /* GPKGSLoadTilesData.m in Sources */,
				044648051B4AF6990052913B /* GPKGSFeatureTable.m in Sources */,
				043A45911B7E63C1001B8FC5 /* GPKGSEditTypes.m in Sources */,
				045C94831B4FFE7E0005CCD0 /* GPKGSDisplayTextViewController.m in Sources */,
				043A45821B79442C001B8FC5 /* GPKGSDownloadTilesViewController.m in Sources */,
				04E1D8D31B66D41E002BD947 /* GPKGSEditFeaturesViewController.m in Sources */,
				04E0EE051B69112B0095E53E /* GPKGSAddTileOverlayViewController.m in Sources */,
				045C94861B50226D0005CCD0 /* GPKGSFeatureOverlayTable.m in Sources */,
				04082B561B4F18A000D65E6B /* GPKGSUtils.m in Sources */,
				04CCC8741B61228D0001296D /* GPKGSCreateTilesData.m in Sources */,
				045C94981B5D384A0005CCD0 /* GPKGSCreateFeaturesViewController.m in Sources */,
				0446480B1B4AFC100052913B /* GPKGSDatabase.m in Sources */,
				04E1D8D91B66D4CA002BD947 /* GPKGSEditContentsData.m in Sources */,
				E3A651B0200563AF00B8AB27 /* GPKGSTileLayerDetailsViewController.m in Sources */,
				040136751AF94FB200C92AFC /* main.m in Sources */,
				E312A3381FAA416500C088FB /* GPKGSDownloadCoordinator.m in Sources */,
				04E0EE081B6919D80095E53E /* GPKGSEditTileOverlayViewController.m in Sources */,
				044648141B4B20950052913B /* GPKGSDatabaseCell.m in Sources */,
			);
			runOnlyForDeploymentPostprocessing = 0;
		};
		040136871AF94FB200C92AFC /* Sources */ = {
			isa = PBXSourcesBuildPhase;
			buildActionMask = 2147483647;
			files = (
				040136921AF94FB200C92AFC /* mapcache_iosTests.m in Sources */,
			);
			runOnlyForDeploymentPostprocessing = 0;
		};
/* End PBXSourcesBuildPhase section */

/* Begin PBXTargetDependency section */
		0401368D1AF94FB200C92AFC /* PBXTargetDependency */ = {
			isa = PBXTargetDependency;
			target = 0401366E1AF94FB200C92AFC /* mapcache-ios */;
			targetProxy = 0401368C1AF94FB200C92AFC /* PBXContainerItemProxy */;
		};
/* End PBXTargetDependency section */

/* Begin PBXVariantGroup section */
		0401367F1AF94FB200C92AFC /* Main.storyboard */ = {
			isa = PBXVariantGroup;
			children = (
				040136801AF94FB200C92AFC /* Base */,
			);
			name = Main.storyboard;
			sourceTree = "<group>";
		};
		040136841AF94FB200C92AFC /* LaunchScreen.xib */ = {
			isa = PBXVariantGroup;
			children = (
				040136851AF94FB200C92AFC /* Base */,
			);
			name = LaunchScreen.xib;
			sourceTree = "<group>";
		};
/* End PBXVariantGroup section */

/* Begin XCBuildConfiguration section */
		040136931AF94FB200C92AFC /* Debug */ = {
			isa = XCBuildConfiguration;
			buildSettings = {
				ALWAYS_SEARCH_USER_PATHS = NO;
				CLANG_CXX_LANGUAGE_STANDARD = "gnu++0x";
				CLANG_CXX_LIBRARY = "libc++";
				CLANG_ENABLE_MODULES = YES;
				CLANG_ENABLE_OBJC_ARC = YES;
				CLANG_WARN_BOOL_CONVERSION = YES;
				CLANG_WARN_CONSTANT_CONVERSION = YES;
				CLANG_WARN_DIRECT_OBJC_ISA_USAGE = YES_ERROR;
				CLANG_WARN_EMPTY_BODY = YES;
				CLANG_WARN_ENUM_CONVERSION = YES;
				CLANG_WARN_INT_CONVERSION = YES;
				CLANG_WARN_OBJC_ROOT_CLASS = YES_ERROR;
				CLANG_WARN_UNREACHABLE_CODE = YES;
				CLANG_WARN__DUPLICATE_METHOD_MATCH = YES;
				CODE_SIGN_IDENTITY = "iPhone Developer: Brian Osborn (EWV3Z7FJGH)";
				"CODE_SIGN_IDENTITY[sdk=iphoneos*]" = "iPhone Developer: Brian Osborn (EWV3Z7FJGH)";
				COPY_PHASE_STRIP = NO;
				DEBUG_INFORMATION_FORMAT = "dwarf-with-dsym";
				ENABLE_STRICT_OBJC_MSGSEND = YES;
				GCC_C_LANGUAGE_STANDARD = gnu99;
				GCC_DYNAMIC_NO_PIC = NO;
				GCC_NO_COMMON_BLOCKS = YES;
				GCC_OPTIMIZATION_LEVEL = 0;
				GCC_PREPROCESSOR_DEFINITIONS = (
					"DEBUG=1",
					"$(inherited)",
				);
				GCC_SYMBOLS_PRIVATE_EXTERN = NO;
				GCC_WARN_64_TO_32_BIT_CONVERSION = YES;
				GCC_WARN_ABOUT_RETURN_TYPE = YES_ERROR;
				GCC_WARN_UNDECLARED_SELECTOR = YES;
				GCC_WARN_UNINITIALIZED_AUTOS = YES_AGGRESSIVE;
				GCC_WARN_UNUSED_FUNCTION = YES;
				GCC_WARN_UNUSED_VARIABLE = YES;
				IPHONEOS_DEPLOYMENT_TARGET = 8.3;
				MTL_ENABLE_DEBUG_INFO = YES;
				ONLY_ACTIVE_ARCH = YES;
				SDKROOT = iphoneos;
				TARGETED_DEVICE_FAMILY = "1,2";
			};
			name = Debug;
		};
		040136941AF94FB200C92AFC /* Release */ = {
			isa = XCBuildConfiguration;
			buildSettings = {
				ALWAYS_SEARCH_USER_PATHS = NO;
				CLANG_CXX_LANGUAGE_STANDARD = "gnu++0x";
				CLANG_CXX_LIBRARY = "libc++";
				CLANG_ENABLE_MODULES = YES;
				CLANG_ENABLE_OBJC_ARC = YES;
				CLANG_WARN_BOOL_CONVERSION = YES;
				CLANG_WARN_CONSTANT_CONVERSION = YES;
				CLANG_WARN_DIRECT_OBJC_ISA_USAGE = YES_ERROR;
				CLANG_WARN_EMPTY_BODY = YES;
				CLANG_WARN_ENUM_CONVERSION = YES;
				CLANG_WARN_INT_CONVERSION = YES;
				CLANG_WARN_OBJC_ROOT_CLASS = YES_ERROR;
				CLANG_WARN_UNREACHABLE_CODE = YES;
				CLANG_WARN__DUPLICATE_METHOD_MATCH = YES;
				CODE_SIGN_IDENTITY = "iPhone Developer: Brian Osborn (EWV3Z7FJGH)";
				"CODE_SIGN_IDENTITY[sdk=iphoneos*]" = "iPhone Developer: Brian Osborn (EWV3Z7FJGH)";
				COPY_PHASE_STRIP = NO;
				DEBUG_INFORMATION_FORMAT = "dwarf-with-dsym";
				ENABLE_NS_ASSERTIONS = NO;
				ENABLE_STRICT_OBJC_MSGSEND = YES;
				GCC_C_LANGUAGE_STANDARD = gnu99;
				GCC_NO_COMMON_BLOCKS = YES;
				GCC_WARN_64_TO_32_BIT_CONVERSION = YES;
				GCC_WARN_ABOUT_RETURN_TYPE = YES_ERROR;
				GCC_WARN_UNDECLARED_SELECTOR = YES;
				GCC_WARN_UNINITIALIZED_AUTOS = YES_AGGRESSIVE;
				GCC_WARN_UNUSED_FUNCTION = YES;
				GCC_WARN_UNUSED_VARIABLE = YES;
				IPHONEOS_DEPLOYMENT_TARGET = 8.3;
				MTL_ENABLE_DEBUG_INFO = NO;
				SDKROOT = iphoneos;
				TARGETED_DEVICE_FAMILY = "1,2";
				VALIDATE_PRODUCT = YES;
			};
			name = Release;
		};
		040136961AF94FB200C92AFC /* Debug */ = {
			isa = XCBuildConfiguration;
			baseConfigurationReference = C87B7FD45C393DE7D862CA13 /* Pods-mapcache-ios.debug.xcconfig */;
			buildSettings = {
				ASSETCATALOG_COMPILER_APPICON_NAME = AppIcon;
				CODE_SIGN_IDENTITY = "iPhone Developer";
				"CODE_SIGN_IDENTITY[sdk=iphoneos*]" = "iPhone Developer";
				DEVELOPMENT_TEAM = KBKX8X5SZ7;
				INFOPLIST_FILE = "mapcache-ios/Info.plist";
				IPHONEOS_DEPLOYMENT_TARGET = 10.0;
				LD_RUNPATH_SEARCH_PATHS = "$(inherited) @executable_path/Frameworks";
				PRODUCT_NAME = "$(TARGET_NAME)";
				PROVISIONING_PROFILE = "";
			};
			name = Debug;
		};
		040136971AF94FB200C92AFC /* Release */ = {
			isa = XCBuildConfiguration;
			baseConfigurationReference = 317A64B2FA9FC9C408272041 /* Pods-mapcache-ios.release.xcconfig */;
			buildSettings = {
				ASSETCATALOG_COMPILER_APPICON_NAME = AppIcon;
				CODE_SIGN_IDENTITY = "iPhone Developer";
				"CODE_SIGN_IDENTITY[sdk=iphoneos*]" = "iPhone Developer";
				DEVELOPMENT_TEAM = KBKX8X5SZ7;
				INFOPLIST_FILE = "mapcache-ios/Info.plist";
				IPHONEOS_DEPLOYMENT_TARGET = 10.0;
				LD_RUNPATH_SEARCH_PATHS = "$(inherited) @executable_path/Frameworks";
				PRODUCT_NAME = "$(TARGET_NAME)";
				PROVISIONING_PROFILE = "";
			};
			name = Release;
		};
		040136991AF94FB200C92AFC /* Debug */ = {
			isa = XCBuildConfiguration;
			buildSettings = {
				BUNDLE_LOADER = "$(TEST_HOST)";
				FRAMEWORK_SEARCH_PATHS = (
					"$(SDKROOT)/Developer/Library/Frameworks",
					"$(inherited)",
				);
				GCC_PREPROCESSOR_DEFINITIONS = (
					"DEBUG=1",
					"$(inherited)",
				);
				INFOPLIST_FILE = "mapcache-iosTests/Info.plist";
				LD_RUNPATH_SEARCH_PATHS = "$(inherited) @executable_path/Frameworks @loader_path/Frameworks";
				PRODUCT_NAME = "$(TARGET_NAME)";
				TEST_HOST = "$(BUILT_PRODUCTS_DIR)/mapcache-ios.app/mapcache-ios";
			};
			name = Debug;
		};
		0401369A1AF94FB200C92AFC /* Release */ = {
			isa = XCBuildConfiguration;
			buildSettings = {
				BUNDLE_LOADER = "$(TEST_HOST)";
				FRAMEWORK_SEARCH_PATHS = (
					"$(SDKROOT)/Developer/Library/Frameworks",
					"$(inherited)",
				);
				INFOPLIST_FILE = "mapcache-iosTests/Info.plist";
				LD_RUNPATH_SEARCH_PATHS = "$(inherited) @executable_path/Frameworks @loader_path/Frameworks";
				PRODUCT_NAME = "$(TARGET_NAME)";
				TEST_HOST = "$(BUILT_PRODUCTS_DIR)/mapcache-ios.app/mapcache-ios";
			};
			name = Release;
		};
/* End XCBuildConfiguration section */

/* Begin XCConfigurationList section */
		0401366A1AF94FB200C92AFC /* Build configuration list for PBXProject "mapcache-ios" */ = {
			isa = XCConfigurationList;
			buildConfigurations = (
				040136931AF94FB200C92AFC /* Debug */,
				040136941AF94FB200C92AFC /* Release */,
			);
			defaultConfigurationIsVisible = 0;
			defaultConfigurationName = Release;
		};
		040136951AF94FB200C92AFC /* Build configuration list for PBXNativeTarget "mapcache-ios" */ = {
			isa = XCConfigurationList;
			buildConfigurations = (
				040136961AF94FB200C92AFC /* Debug */,
				040136971AF94FB200C92AFC /* Release */,
			);
			defaultConfigurationIsVisible = 0;
			defaultConfigurationName = Release;
		};
		040136981AF94FB200C92AFC /* Build configuration list for PBXNativeTarget "mapcache-iosTests" */ = {
			isa = XCConfigurationList;
			buildConfigurations = (
				040136991AF94FB200C92AFC /* Debug */,
				0401369A1AF94FB200C92AFC /* Release */,
			);
			defaultConfigurationIsVisible = 0;
			defaultConfigurationName = Release;
		};
/* End XCConfigurationList section */
	};
	rootObject = 040136671AF94FB200C92AFC /* Project object */;
}
